
Microsoft Visual Studio Solution File, Format Version 12.00
# Visual Studio Version 17
VisualStudioVersion = 17.0.31903.59
MinimumVisualStudioVersion = 10.0.40219.1
Project("{2150E333-8FDC-42A3-9474-1A3956D46DE8}") = "src", "src", "{2259D047-4F9B-409F-9176-EC0CB213F929}"
EndProject
Project("{2150E333-8FDC-42A3-9474-1A3956D46DE8}") = "tests", "tests", "{71F27C99-06DC-4CC4-B981-B255CCC97593}"
EndProject
Project("{2150E333-8FDC-42A3-9474-1A3956D46DE8}") = "deploy", "deploy", "{DBB5DB72-0E0A-4ED4-92CD-5ECE078FDA31}"
EndProject
Project("{2150E333-8FDC-42A3-9474-1A3956D46DE8}") = "Shared", "Shared", "{4F52FD11-658E-A102-6CD3-7D7C16FFA15B}"
EndProject
Project("{2150E333-8FDC-42A3-9474-1A3956D46DE8}") = "Services", "Services", "{6A90342A-F4E4-4557-9E6D-CDA5C910D91D}"
EndProject
Project("{FAE04EC0-301F-11D3-BF4B-00C04F79EFBC}") = "SaaSCommon.Domain", "src\Shared\SaaSCommon.Domain\SaaSCommon.Domain.csproj", "{33E921C2-AE5E-4C14-8FD4-D1A2F6A7AD69}"
EndProject
Project("{FAE04EC0-301F-11D3-BF4B-00C04F79EFBC}") = "SaaSCommon.Application", "src\Shared\SaaSCommon.Application\SaaSCommon.Application.csproj", "{824CEDF0-3632-4579-ACE7-65B55B0303A7}"
EndProject
Project("{FAE04EC0-301F-11D3-BF4B-00C04F79EFBC}") = "SaaSCommon.Infrastructure", "src\Shared\SaaSCommon.Infrastructure\SaaSCommon.Infrastructure.csproj", "{1FCEE928-ECE5-482A-AA51-F16CB31AE2A2}"
EndProject
Project("{2150E333-8FDC-42A3-9474-1A3956D46DE8}") = "Tenant", "Tenant", "{F0B935AF-FEE0-E59A-5F75-5BE6B7EC0151}"
EndProject
Project("{FAE04EC0-301F-11D3-BF4B-00C04F79EFBC}") = "TenantService.API", "src\Tenant\TenantService.API\TenantService.API.csproj", "{052A9898-4A21-4B91-8C14-00ACCB26D853}"
EndProject
Project("{2150E333-8FDC-42A3-9474-1A3956D46DE8}") = "Shared", "Shared", "{BA270E6F-9549-D40F-F55E-128677EADEC8}"
EndProject
Project("{FAE04EC0-301F-11D3-BF4B-00C04F79EFBC}") = "TenantService.Application", "src\Tenant\TenantService.Application\TenantService.Application.csproj", "{76693138-E7F0-4CA4-9391-AE15AD611EFE}"
EndProject
Project("{FAE04EC0-301F-11D3-BF4B-00C04F79EFBC}") = "TenantService.Domain", "src\Tenant\TenantService.Domain\TenantService.Domain.csproj", "{E5EED1CF-5F83-48D6-AEE7-2877B9C78397}"
EndProject
Project("{FAE04EC0-301F-11D3-BF4B-00C04F79EFBC}") = "TenantService.Contracts", "src\Tenant\TenantService.Contracts\TenantService.Contracts.csproj", "{B26CC30C-1F7D-44A8-87F2-C60B7F02C8BE}"
EndProject
Project("{FAE04EC0-301F-11D3-BF4B-00C04F79EFBC}") = "TenantService.Infrastructure", "src\Tenant\TenantService.Infrastructure\TenantService.Infrastructure.csproj", "{2C056E8F-5381-4C62-9CB5-6E4C245015DE}"
EndProject
Project("{2150E333-8FDC-42A3-9474-1A3956D46DE8}") = "Order", "Order", "{C8809691-E782-36A3-308F-55AE09BC4235}"
EndProject
Project("{FAE04EC0-301F-11D3-BF4B-00C04F79EFBC}") = "OrderService.Infrastructure", "src\Order\OrderService.Infrastructure\OrderService.Infrastructure.csproj", "{0BA11D73-AA16-48FA-803B-6EEA29C94390}"
EndProject
Project("{FAE04EC0-301F-11D3-BF4B-00C04F79EFBC}") = "OrderService.Application", "src\Order\OrderService.Application\OrderService.Application.csproj", "{A9B1BA08-80D9-4EB7-8827-32DAEED39058}"
EndProject
Project("{FAE04EC0-301F-11D3-BF4B-00C04F79EFBC}") = "OrderService.Domain", "src\Order\OrderService.Domain\OrderService.Domain.csproj", "{AAAA9AE5-28D2-4516-B07C-4BB621EABFDC}"
EndProject
Project("{FAE04EC0-301F-11D3-BF4B-00C04F79EFBC}") = "OrderService.Contracts", "src\Order\OrderService.Contracts\OrderService.Contracts.csproj", "{2F1D41A8-6A46-453C-8016-8B5E79C2752E}"
EndProject
Project("{2150E333-8FDC-42A3-9474-1A3956D46DE8}") = "Payment", "Payment", "{7F99CDF4-4AF4-9B55-274F-28D97552E743}"
EndProject
Project("{FAE04EC0-301F-11D3-BF4B-00C04F79EFBC}") = "PaymentService.Contracts", "src\Payment\PaymentService.Contracts\PaymentService.Contracts.csproj", "{4AA4E31B-2C16-49CC-8C75-557A840FB41F}"
EndProject
Project("{2150E333-8FDC-42A3-9474-1A3956D46DE8}") = "Inventory", "Inventory", "{254496BB-812B-68B8-ABB6-ACEFF53CF81A}"
EndProject
Project("{FAE04EC0-301F-11D3-BF4B-00C04F79EFBC}") = "InventoryService.Contracts", "src\Inventory\InventoryService.Contracts\InventoryService.Contracts.csproj", "{4F64AB93-649C-4B77-99F6-DE68F9D67EA7}"
EndProject
Project("{FAE04EC0-301F-11D3-BF4B-00C04F79EFBC}") = "OrderService.API", "src\Order\OrderService.API\OrderService.API.csproj", "{EE40DE62-0BA4-46FA-9C5A-F947F32C254E}"
EndProject
Project("{2150E333-8FDC-42A3-9474-1A3956D46DE8}") = "Identity", "Identity", "{F4A51D43-CB4D-25C5-70CC-BC29F0CD7ED5}"
EndProject
Project("{FAE04EC0-301F-11D3-BF4B-00C04F79EFBC}") = "IdentityService.API", "src\Identity\IdentityService.API\IdentityService.API.csproj", "{6FEB85A5-0D10-461A-876D-FDC5A6D7923C}"
EndProject
Project("{FAE04EC0-301F-11D3-BF4B-00C04F79EFBC}") = "IdentityService.Domain", "src\Identity\IdentityService.Domain\IdentityService.Domain.csproj", "{A4FB5F1A-2222-4EDA-A081-47700F1A8297}"
EndProject
Project("{FAE04EC0-301F-11D3-BF4B-00C04F79EFBC}") = "IdentityService.Application", "src\Identity\IdentityService.Application\IdentityService.Application.csproj", "{D4762908-886A-4443-B890-C04BF864E150}"
EndProject
Project("{FAE04EC0-301F-11D3-BF4B-00C04F79EFBC}") = "IdentityService.Contracts", "src\Identity\IdentityService.Contracts\IdentityService.Contracts.csproj", "{23F209C6-B33B-4D90-A99B-FEBB1864A66A}"
EndProject
Project("{FAE04EC0-301F-11D3-BF4B-00C04F79EFBC}") = "IdentityService.Infrastructure", "src\Identity\IdentityService.Infrastructure\IdentityService.Infrastructure.csproj", "{3071A7D3-374F-4311-B3F2-21BD7079CD04}"
EndProject
Project("{2150E333-8FDC-42A3-9474-1A3956D46DE8}") = "Notification", "Notification", "{2C6355DB-AEFA-3350-A0B9-81AFECF10FEB}"
EndProject
Project("{FAE04EC0-301F-11D3-BF4B-00C04F79EFBC}") = "NotificationService.Application", "src\Notification\NotificationService.Application\NotificationService.Application.csproj", "{B00E2F19-F72A-4757-900D-270C4D63A5A7}"
EndProject
Project("{FAE04EC0-301F-11D3-BF4B-00C04F79EFBC}") = "NotificationService.Domain", "src\Notification\NotificationService.Domain\NotificationService.Domain.csproj", "{FB22F730-D28A-4018-8CC9-6C7750000D8F}"
EndProject
Project("{FAE04EC0-301F-11D3-BF4B-00C04F79EFBC}") = "NotificationService.Contracts", "src\Notification\NotificationService.Contracts\NotificationService.Contracts.csproj", "{8949A4C3-0779-4F31-9B47-7359277D8444}"
EndProject
Project("{FAE04EC0-301F-11D3-BF4B-00C04F79EFBC}") = "NotificationService.Infrastructure", "src\Notification\NotificationService.Infrastructure\NotificationService.Infrastructure.csproj", "{9347DF28-D159-429D-8583-619036C8439C}"
EndProject
Project("{FAE04EC0-301F-11D3-BF4B-00C04F79EFBC}") = "NotificationService.API", "src\Notification\NotificationService.API\NotificationService.API.csproj", "{344E9D92-7D83-4B57-B550-389CF6787533}"
EndProject
Project("{FAE04EC0-301F-11D3-BF4B-00C04F79EFBC}") = "PaymentService.Domain", "src\Payment\PaymentService.Domain\PaymentService.Domain.csproj", "{E646DB62-0321-4F61-A739-1D622AF5B8E0}"
EndProject
Project("{FAE04EC0-301F-11D3-BF4B-00C04F79EFBC}") = "PaymentService.Application", "src\Payment\PaymentService.Application\PaymentService.Application.csproj", "{91833FC4-363C-48CB-920B-23993D343F59}"
EndProject
Project("{FAE04EC0-301F-11D3-BF4B-00C04F79EFBC}") = "PaymentService.API", "src\Payment\PaymentService.API\PaymentService.API.csproj", "{DA829840-689D-48E6-A4B0-E1D557E4F468}"
EndProject
Project("{FAE04EC0-301F-11D3-BF4B-00C04F79EFBC}") = "PaymentService.Infrastructure", "src\Payment\PaymentService.Infrastructure\PaymentService.Infrastructure.csproj", "{6D6B8594-6847-43DF-B04D-D8851DC8ED55}"
EndProject
Project("{FAE04EC0-301F-11D3-BF4B-00C04F79EFBC}") = "InventoryService.Infrastructure", "src\Inventory\InventoryService.Infrastructure\InventoryService.Infrastructure.csproj", "{AB08ABC4-1D7E-4930-921C-B0237B0284E6}"
EndProject
Project("{FAE04EC0-301F-11D3-BF4B-00C04F79EFBC}") = "InventoryService.Application", "src\Inventory\InventoryService.Application\InventoryService.Application.csproj", "{792B21B8-40F3-4A47-9902-3EC34A72E7C5}"
EndProject
Project("{FAE04EC0-301F-11D3-BF4B-00C04F79EFBC}") = "InventoryService.Domain", "src\Inventory\InventoryService.Domain\InventoryService.Domain.csproj", "{5F870BC3-2A50-4AB0-B825-607A4D9F2BA8}"
EndProject
Project("{FAE04EC0-301F-11D3-BF4B-00C04F79EFBC}") = "InventoryService.API", "src\Inventory\InventoryService.API\InventoryService.API.csproj", "{E31802EF-F91A-4915-BE5B-8D78940A0E67}"
EndProject
Project("{2150E333-8FDC-42A3-9474-1A3956D46DE8}") = "Customer", "Customer", "{BEACE67C-9CA6-C1B1-7FD3-7255E8B7DEFE}"
EndProject
Project("{FAE04EC0-301F-11D3-BF4B-00C04F79EFBC}") = "CustomerService.Infrastructure", "src\Customer\CustomerService.Infrastructure\CustomerService.Infrastructure.csproj", "{090DCDD0-F1EF-4121-9E0E-640BA44B61BC}"
EndProject
Project("{FAE04EC0-301F-11D3-BF4B-00C04F79EFBC}") = "CustomerService.Application", "src\Customer\CustomerService.Application\CustomerService.Application.csproj", "{A04CD4FE-FED1-418F-B6A5-14BDAD4C60FF}"
EndProject
Project("{FAE04EC0-301F-11D3-BF4B-00C04F79EFBC}") = "CustomerService.Domain", "src\Customer\CustomerService.Domain\CustomerService.Domain.csproj", "{78154C0D-192C-42CA-9D31-78E87781873E}"
EndProject
Project("{FAE04EC0-301F-11D3-BF4B-00C04F79EFBC}") = "CustomerService.Contracts", "src\Customer\CustomerService.Contracts\CustomerService.Contracts.csproj", "{9DD4FE3D-EE90-452D-BB62-92014A27FDA4}"
EndProject
Project("{FAE04EC0-301F-11D3-BF4B-00C04F79EFBC}") = "CustomerService.API", "src\Customer\CustomerService.API\CustomerService.API.csproj", "{EFD7FCFF-23E1-4CF3-8C7F-1CDCD1F104BC}"
EndProject
Project("{2150E333-8FDC-42A3-9474-1A3956D46DE8}") = "Gateway", "Gateway", "{CA63264B-6246-0372-F94C-1FA24C0321C5}"
EndProject
Project("{FAE04EC0-301F-11D3-BF4B-00C04F79EFBC}") = "Gateway.API", "src\Gateway\Gateway.API\Gateway.API.csproj", "{0D895917-63D7-43E7-9256-AE144176EEA6}"
EndProject
Project("{FAE04EC0-301F-11D3-BF4B-00C04F79EFBC}") = "ContractTests", "tests\ContractTests\ContractTests.csproj", "{D679BA8B-160A-41D5-A86A-2786C6C95FAC}"
EndProject
Project("{FAE04EC0-301F-11D3-BF4B-00C04F79EFBC}") = "CustomerService.Application.Tests", "tests\CustomerService.Application.Tests\CustomerService.Application.Tests.csproj", "{E95C3E38-BA0D-46E0-A96C-9F293250425F}"
EndProject
Project("{FAE04EC0-301F-11D3-BF4B-00C04F79EFBC}") = "CustomerService.Domain.Tests", "tests\CustomerService.Domain.Tests\CustomerService.Domain.Tests.csproj", "{3F7648BC-ED2B-421B-BCEC-FD07AE6C2F27}"
EndProject
Project("{FAE04EC0-301F-11D3-BF4B-00C04F79EFBC}") = "CustomerService.IntegrationTests", "tests\CustomerService.IntegrationTests\CustomerService.IntegrationTests.csproj", "{E9291DE5-4B68-4161-9D8F-C1664DB7746F}"
EndProject
Project("{FAE04EC0-301F-11D3-BF4B-00C04F79EFBC}") = "TestUtilities", "tests\TestUtilities\TestUtilities.csproj", "{4339B4F0-E1A1-4AC4-9DAB-DC6275AE7A13}"
EndProject
Project("{FAE04EC0-301F-11D3-BF4B-00C04F79EFBC}") = "IdentityService.Application.Tests", "tests\IdentityService.Application.Tests\IdentityService.Application.Tests.csproj", "{558988F8-1404-4058-85F8-A391B7D281EE}"
EndProject
Project("{FAE04EC0-301F-11D3-BF4B-00C04F79EFBC}") = "IdentityService.Domain.Tests", "tests\IdentityService.Domain.Tests\IdentityService.Domain.Tests.csproj", "{DEAAA7A0-6ADB-4EDA-B58C-BB87ED20A3ED}"
EndProject
Project("{FAE04EC0-301F-11D3-BF4B-00C04F79EFBC}") = "IdentityService.IntegrationTests", "tests\IdentityService.IntegrationTests\IdentityService.IntegrationTests.csproj", "{BA3F97AC-FE52-4EE7-BE7C-5AE72B2B14E3}"
EndProject
Project("{FAE04EC0-301F-11D3-BF4B-00C04F79EFBC}") = "InventoryService.Application.Tests", "tests\InventoryService.Application.Tests\InventoryService.Application.Tests.csproj", "{9D55888F-AF38-4A14-A68C-66347BAC99A6}"
EndProject
Project("{FAE04EC0-301F-11D3-BF4B-00C04F79EFBC}") = "InventoryService.Domain.Tests", "tests\InventoryService.Domain.Tests\InventoryService.Domain.Tests.csproj", "{8F78E4B1-1A35-4FEA-A384-3FDE2D8CD3CE}"
EndProject
Project("{FAE04EC0-301F-11D3-BF4B-00C04F79EFBC}") = "InventoryService.IntegrationTests", "tests\InventoryService.IntegrationTests\InventoryService.IntegrationTests.csproj", "{AAC0A1C2-37AE-4B38-A6FC-AA90371D27C9}"
EndProject
Project("{FAE04EC0-301F-11D3-BF4B-00C04F79EFBC}") = "NotificationService.Application.Tests", "tests\NotificationService.Application.Tests\NotificationService.Application.Tests.csproj", "{D0F28F05-81DA-44B0-BABD-6427C1E821A5}"
EndProject
Project("{FAE04EC0-301F-11D3-BF4B-00C04F79EFBC}") = "NotificationService.Domain.Tests", "tests\NotificationService.Domain.Tests\NotificationService.Domain.Tests.csproj", "{263A5FA8-C07E-4311-A50C-B1B57CDC3066}"
EndProject
Project("{FAE04EC0-301F-11D3-BF4B-00C04F79EFBC}") = "OrderService.Application.Tests", "tests\OrderService.Application.Tests\OrderService.Application.Tests.csproj", "{E684D3BA-33B3-4410-A996-BA54D8298ED1}"
EndProject
Project("{FAE04EC0-301F-11D3-BF4B-00C04F79EFBC}") = "OrderService.Domain.Tests", "tests\OrderService.Domain.Tests\OrderService.Domain.Tests.csproj", "{DC11DB85-C021-44EA-83D2-349DCABCC9A3}"
EndProject
Project("{FAE04EC0-301F-11D3-BF4B-00C04F79EFBC}") = "OrderService.IntegrationTests", "tests\OrderService.IntegrationTests\OrderService.IntegrationTests.csproj", "{85CA9A11-0D00-4CC3-A081-99C5F2F71DB7}"
EndProject
Project("{FAE04EC0-301F-11D3-BF4B-00C04F79EFBC}") = "PaymentService.Application.Tests", "tests\PaymentService.Application.Tests\PaymentService.Application.Tests.csproj", "{8BBCF384-922F-4340-B2C6-CF12A699CD9E}"
EndProject
Project("{FAE04EC0-301F-11D3-BF4B-00C04F79EFBC}") = "PaymentService.Domain.Tests", "tests\PaymentService.Domain.Tests\PaymentService.Domain.Tests.csproj", "{F91F705A-749B-4F89-BFF3-05DAC62AF00C}"
EndProject
Project("{FAE04EC0-301F-11D3-BF4B-00C04F79EFBC}") = "PaymentService.IntegrationTests", "tests\PaymentService.IntegrationTests\PaymentService.IntegrationTests.csproj", "{50F5376B-B2C3-4060-84E7-CDEE6175121B}"
EndProject
Project("{FAE04EC0-301F-11D3-BF4B-00C04F79EFBC}") = "SaaSCommon.Domain.Tests", "tests\SaaSCommon.Domain.Tests\SaaSCommon.Domain.Tests.csproj", "{11B5EA9A-92F3-4566-9012-FA767E5F59EA}"
EndProject
Project("{FAE04EC0-301F-11D3-BF4B-00C04F79EFBC}") = "SmokeTests", "tests\SmokeTests\SmokeTests.csproj", "{0C5FA5CC-3CAF-4CB7-9E51-21E79CC6DC72}"
EndProject
Project("{FAE04EC0-301F-11D3-BF4B-00C04F79EFBC}") = "TenantService.Application.Tests", "tests\TenantService.Application.Tests\TenantService.Application.Tests.csproj", "{ADA25293-1AD7-4BD3-86DF-AEE1844444F9}"
EndProject
Project("{FAE04EC0-301F-11D3-BF4B-00C04F79EFBC}") = "TenantService.Domain.Tests", "tests\TenantService.Domain.Tests\TenantService.Domain.Tests.csproj", "{E3979102-032B-4C79-A533-8BC7E6AAA749}"
EndProject
Global
	GlobalSection(SolutionConfigurationPlatforms) = preSolution
		Debug|Any CPU = Debug|Any CPU
		Debug|x64 = Debug|x64
		Debug|x86 = Debug|x86
		Release|Any CPU = Release|Any CPU
		Release|x64 = Release|x64
		Release|x86 = Release|x86
	EndGlobalSection
	GlobalSection(ProjectConfigurationPlatforms) = postSolution
		{33E921C2-AE5E-4C14-8FD4-D1A2F6A7AD69}.Debug|Any CPU.ActiveCfg = Debug|Any CPU
		{33E921C2-AE5E-4C14-8FD4-D1A2F6A7AD69}.Debug|Any CPU.Build.0 = Debug|Any CPU
		{33E921C2-AE5E-4C14-8FD4-D1A2F6A7AD69}.Debug|x64.ActiveCfg = Debug|Any CPU
		{33E921C2-AE5E-4C14-8FD4-D1A2F6A7AD69}.Debug|x64.Build.0 = Debug|Any CPU
		{33E921C2-AE5E-4C14-8FD4-D1A2F6A7AD69}.Debug|x86.ActiveCfg = Debug|Any CPU
		{33E921C2-AE5E-4C14-8FD4-D1A2F6A7AD69}.Debug|x86.Build.0 = Debug|Any CPU
		{33E921C2-AE5E-4C14-8FD4-D1A2F6A7AD69}.Release|Any CPU.ActiveCfg = Release|Any CPU
		{33E921C2-AE5E-4C14-8FD4-D1A2F6A7AD69}.Release|Any CPU.Build.0 = Release|Any CPU
		{33E921C2-AE5E-4C14-8FD4-D1A2F6A7AD69}.Release|x64.ActiveCfg = Release|Any CPU
		{33E921C2-AE5E-4C14-8FD4-D1A2F6A7AD69}.Release|x64.Build.0 = Release|Any CPU
		{33E921C2-AE5E-4C14-8FD4-D1A2F6A7AD69}.Release|x86.ActiveCfg = Release|Any CPU
		{33E921C2-AE5E-4C14-8FD4-D1A2F6A7AD69}.Release|x86.Build.0 = Release|Any CPU
		{824CEDF0-3632-4579-ACE7-65B55B0303A7}.Debug|Any CPU.ActiveCfg = Debug|Any CPU
		{824CEDF0-3632-4579-ACE7-65B55B0303A7}.Debug|Any CPU.Build.0 = Debug|Any CPU
		{824CEDF0-3632-4579-ACE7-65B55B0303A7}.Debug|x64.ActiveCfg = Debug|Any CPU
		{824CEDF0-3632-4579-ACE7-65B55B0303A7}.Debug|x64.Build.0 = Debug|Any CPU
		{824CEDF0-3632-4579-ACE7-65B55B0303A7}.Debug|x86.ActiveCfg = Debug|Any CPU
		{824CEDF0-3632-4579-ACE7-65B55B0303A7}.Debug|x86.Build.0 = Debug|Any CPU
		{824CEDF0-3632-4579-ACE7-65B55B0303A7}.Release|Any CPU.ActiveCfg = Release|Any CPU
		{824CEDF0-3632-4579-ACE7-65B55B0303A7}.Release|Any CPU.Build.0 = Release|Any CPU
		{824CEDF0-3632-4579-ACE7-65B55B0303A7}.Release|x64.ActiveCfg = Release|Any CPU
		{824CEDF0-3632-4579-ACE7-65B55B0303A7}.Release|x64.Build.0 = Release|Any CPU
		{824CEDF0-3632-4579-ACE7-65B55B0303A7}.Release|x86.ActiveCfg = Release|Any CPU
		{824CEDF0-3632-4579-ACE7-65B55B0303A7}.Release|x86.Build.0 = Release|Any CPU
		{1FCEE928-ECE5-482A-AA51-F16CB31AE2A2}.Debug|Any CPU.ActiveCfg = Debug|Any CPU
		{1FCEE928-ECE5-482A-AA51-F16CB31AE2A2}.Debug|Any CPU.Build.0 = Debug|Any CPU
		{1FCEE928-ECE5-482A-AA51-F16CB31AE2A2}.Debug|x64.ActiveCfg = Debug|Any CPU
		{1FCEE928-ECE5-482A-AA51-F16CB31AE2A2}.Debug|x64.Build.0 = Debug|Any CPU
		{1FCEE928-ECE5-482A-AA51-F16CB31AE2A2}.Debug|x86.ActiveCfg = Debug|Any CPU
		{1FCEE928-ECE5-482A-AA51-F16CB31AE2A2}.Debug|x86.Build.0 = Debug|Any CPU
		{1FCEE928-ECE5-482A-AA51-F16CB31AE2A2}.Release|Any CPU.ActiveCfg = Release|Any CPU
		{1FCEE928-ECE5-482A-AA51-F16CB31AE2A2}.Release|Any CPU.Build.0 = Release|Any CPU
		{1FCEE928-ECE5-482A-AA51-F16CB31AE2A2}.Release|x64.ActiveCfg = Release|Any CPU
		{1FCEE928-ECE5-482A-AA51-F16CB31AE2A2}.Release|x64.Build.0 = Release|Any CPU
		{1FCEE928-ECE5-482A-AA51-F16CB31AE2A2}.Release|x86.ActiveCfg = Release|Any CPU
		{1FCEE928-ECE5-482A-AA51-F16CB31AE2A2}.Release|x86.Build.0 = Release|Any CPU
		{052A9898-4A21-4B91-8C14-00ACCB26D853}.Debug|Any CPU.ActiveCfg = Debug|Any CPU
		{052A9898-4A21-4B91-8C14-00ACCB26D853}.Debug|Any CPU.Build.0 = Debug|Any CPU
		{052A9898-4A21-4B91-8C14-00ACCB26D853}.Debug|x64.ActiveCfg = Debug|Any CPU
		{052A9898-4A21-4B91-8C14-00ACCB26D853}.Debug|x64.Build.0 = Debug|Any CPU
		{052A9898-4A21-4B91-8C14-00ACCB26D853}.Debug|x86.ActiveCfg = Debug|Any CPU
		{052A9898-4A21-4B91-8C14-00ACCB26D853}.Debug|x86.Build.0 = Debug|Any CPU
		{052A9898-4A21-4B91-8C14-00ACCB26D853}.Release|Any CPU.ActiveCfg = Release|Any CPU
		{052A9898-4A21-4B91-8C14-00ACCB26D853}.Release|Any CPU.Build.0 = Release|Any CPU
		{052A9898-4A21-4B91-8C14-00ACCB26D853}.Release|x64.ActiveCfg = Release|Any CPU
		{052A9898-4A21-4B91-8C14-00ACCB26D853}.Release|x64.Build.0 = Release|Any CPU
		{052A9898-4A21-4B91-8C14-00ACCB26D853}.Release|x86.ActiveCfg = Release|Any CPU
		{052A9898-4A21-4B91-8C14-00ACCB26D853}.Release|x86.Build.0 = Release|Any CPU
		{76693138-E7F0-4CA4-9391-AE15AD611EFE}.Debug|Any CPU.ActiveCfg = Debug|Any CPU
		{76693138-E7F0-4CA4-9391-AE15AD611EFE}.Debug|Any CPU.Build.0 = Debug|Any CPU
		{76693138-E7F0-4CA4-9391-AE15AD611EFE}.Debug|x64.ActiveCfg = Debug|Any CPU
		{76693138-E7F0-4CA4-9391-AE15AD611EFE}.Debug|x64.Build.0 = Debug|Any CPU
		{76693138-E7F0-4CA4-9391-AE15AD611EFE}.Debug|x86.ActiveCfg = Debug|Any CPU
		{76693138-E7F0-4CA4-9391-AE15AD611EFE}.Debug|x86.Build.0 = Debug|Any CPU
		{76693138-E7F0-4CA4-9391-AE15AD611EFE}.Release|Any CPU.ActiveCfg = Release|Any CPU
		{76693138-E7F0-4CA4-9391-AE15AD611EFE}.Release|Any CPU.Build.0 = Release|Any CPU
		{76693138-E7F0-4CA4-9391-AE15AD611EFE}.Release|x64.ActiveCfg = Release|Any CPU
		{76693138-E7F0-4CA4-9391-AE15AD611EFE}.Release|x64.Build.0 = Release|Any CPU
		{76693138-E7F0-4CA4-9391-AE15AD611EFE}.Release|x86.ActiveCfg = Release|Any CPU
		{76693138-E7F0-4CA4-9391-AE15AD611EFE}.Release|x86.Build.0 = Release|Any CPU
		{E5EED1CF-5F83-48D6-AEE7-2877B9C78397}.Debug|Any CPU.ActiveCfg = Debug|Any CPU
		{E5EED1CF-5F83-48D6-AEE7-2877B9C78397}.Debug|Any CPU.Build.0 = Debug|Any CPU
		{E5EED1CF-5F83-48D6-AEE7-2877B9C78397}.Debug|x64.ActiveCfg = Debug|Any CPU
		{E5EED1CF-5F83-48D6-AEE7-2877B9C78397}.Debug|x64.Build.0 = Debug|Any CPU
		{E5EED1CF-5F83-48D6-AEE7-2877B9C78397}.Debug|x86.ActiveCfg = Debug|Any CPU
		{E5EED1CF-5F83-48D6-AEE7-2877B9C78397}.Debug|x86.Build.0 = Debug|Any CPU
		{E5EED1CF-5F83-48D6-AEE7-2877B9C78397}.Release|Any CPU.ActiveCfg = Release|Any CPU
		{E5EED1CF-5F83-48D6-AEE7-2877B9C78397}.Release|Any CPU.Build.0 = Release|Any CPU
		{E5EED1CF-5F83-48D6-AEE7-2877B9C78397}.Release|x64.ActiveCfg = Release|Any CPU
		{E5EED1CF-5F83-48D6-AEE7-2877B9C78397}.Release|x64.Build.0 = Release|Any CPU
		{E5EED1CF-5F83-48D6-AEE7-2877B9C78397}.Release|x86.ActiveCfg = Release|Any CPU
		{E5EED1CF-5F83-48D6-AEE7-2877B9C78397}.Release|x86.Build.0 = Release|Any CPU
		{B26CC30C-1F7D-44A8-87F2-C60B7F02C8BE}.Debug|Any CPU.ActiveCfg = Debug|Any CPU
		{B26CC30C-1F7D-44A8-87F2-C60B7F02C8BE}.Debug|Any CPU.Build.0 = Debug|Any CPU
		{B26CC30C-1F7D-44A8-87F2-C60B7F02C8BE}.Debug|x64.ActiveCfg = Debug|Any CPU
		{B26CC30C-1F7D-44A8-87F2-C60B7F02C8BE}.Debug|x64.Build.0 = Debug|Any CPU
		{B26CC30C-1F7D-44A8-87F2-C60B7F02C8BE}.Debug|x86.ActiveCfg = Debug|Any CPU
		{B26CC30C-1F7D-44A8-87F2-C60B7F02C8BE}.Debug|x86.Build.0 = Debug|Any CPU
		{B26CC30C-1F7D-44A8-87F2-C60B7F02C8BE}.Release|Any CPU.ActiveCfg = Release|Any CPU
		{B26CC30C-1F7D-44A8-87F2-C60B7F02C8BE}.Release|Any CPU.Build.0 = Release|Any CPU
		{B26CC30C-1F7D-44A8-87F2-C60B7F02C8BE}.Release|x64.ActiveCfg = Release|Any CPU
		{B26CC30C-1F7D-44A8-87F2-C60B7F02C8BE}.Release|x64.Build.0 = Release|Any CPU
		{B26CC30C-1F7D-44A8-87F2-C60B7F02C8BE}.Release|x86.ActiveCfg = Release|Any CPU
		{B26CC30C-1F7D-44A8-87F2-C60B7F02C8BE}.Release|x86.Build.0 = Release|Any CPU
		{2C056E8F-5381-4C62-9CB5-6E4C245015DE}.Debug|Any CPU.ActiveCfg = Debug|Any CPU
		{2C056E8F-5381-4C62-9CB5-6E4C245015DE}.Debug|Any CPU.Build.0 = Debug|Any CPU
		{2C056E8F-5381-4C62-9CB5-6E4C245015DE}.Debug|x64.ActiveCfg = Debug|Any CPU
		{2C056E8F-5381-4C62-9CB5-6E4C245015DE}.Debug|x64.Build.0 = Debug|Any CPU
		{2C056E8F-5381-4C62-9CB5-6E4C245015DE}.Debug|x86.ActiveCfg = Debug|Any CPU
		{2C056E8F-5381-4C62-9CB5-6E4C245015DE}.Debug|x86.Build.0 = Debug|Any CPU
		{2C056E8F-5381-4C62-9CB5-6E4C245015DE}.Release|Any CPU.ActiveCfg = Release|Any CPU
		{2C056E8F-5381-4C62-9CB5-6E4C245015DE}.Release|Any CPU.Build.0 = Release|Any CPU
		{2C056E8F-5381-4C62-9CB5-6E4C245015DE}.Release|x64.ActiveCfg = Release|Any CPU
		{2C056E8F-5381-4C62-9CB5-6E4C245015DE}.Release|x64.Build.0 = Release|Any CPU
		{2C056E8F-5381-4C62-9CB5-6E4C245015DE}.Release|x86.ActiveCfg = Release|Any CPU
		{2C056E8F-5381-4C62-9CB5-6E4C245015DE}.Release|x86.Build.0 = Release|Any CPU
		{0BA11D73-AA16-48FA-803B-6EEA29C94390}.Debug|Any CPU.ActiveCfg = Debug|Any CPU
		{0BA11D73-AA16-48FA-803B-6EEA29C94390}.Debug|Any CPU.Build.0 = Debug|Any CPU
		{0BA11D73-AA16-48FA-803B-6EEA29C94390}.Debug|x64.ActiveCfg = Debug|Any CPU
		{0BA11D73-AA16-48FA-803B-6EEA29C94390}.Debug|x64.Build.0 = Debug|Any CPU
		{0BA11D73-AA16-48FA-803B-6EEA29C94390}.Debug|x86.ActiveCfg = Debug|Any CPU
		{0BA11D73-AA16-48FA-803B-6EEA29C94390}.Debug|x86.Build.0 = Debug|Any CPU
		{0BA11D73-AA16-48FA-803B-6EEA29C94390}.Release|Any CPU.ActiveCfg = Release|Any CPU
		{0BA11D73-AA16-48FA-803B-6EEA29C94390}.Release|Any CPU.Build.0 = Release|Any CPU
		{0BA11D73-AA16-48FA-803B-6EEA29C94390}.Release|x64.ActiveCfg = Release|Any CPU
		{0BA11D73-AA16-48FA-803B-6EEA29C94390}.Release|x64.Build.0 = Release|Any CPU
		{0BA11D73-AA16-48FA-803B-6EEA29C94390}.Release|x86.ActiveCfg = Release|Any CPU
		{0BA11D73-AA16-48FA-803B-6EEA29C94390}.Release|x86.Build.0 = Release|Any CPU
		{A9B1BA08-80D9-4EB7-8827-32DAEED39058}.Debug|Any CPU.ActiveCfg = Debug|Any CPU
		{A9B1BA08-80D9-4EB7-8827-32DAEED39058}.Debug|Any CPU.Build.0 = Debug|Any CPU
		{A9B1BA08-80D9-4EB7-8827-32DAEED39058}.Debug|x64.ActiveCfg = Debug|Any CPU
		{A9B1BA08-80D9-4EB7-8827-32DAEED39058}.Debug|x64.Build.0 = Debug|Any CPU
		{A9B1BA08-80D9-4EB7-8827-32DAEED39058}.Debug|x86.ActiveCfg = Debug|Any CPU
		{A9B1BA08-80D9-4EB7-8827-32DAEED39058}.Debug|x86.Build.0 = Debug|Any CPU
		{A9B1BA08-80D9-4EB7-8827-32DAEED39058}.Release|Any CPU.ActiveCfg = Release|Any CPU
		{A9B1BA08-80D9-4EB7-8827-32DAEED39058}.Release|Any CPU.Build.0 = Release|Any CPU
		{A9B1BA08-80D9-4EB7-8827-32DAEED39058}.Release|x64.ActiveCfg = Release|Any CPU
		{A9B1BA08-80D9-4EB7-8827-32DAEED39058}.Release|x64.Build.0 = Release|Any CPU
		{A9B1BA08-80D9-4EB7-8827-32DAEED39058}.Release|x86.ActiveCfg = Release|Any CPU
		{A9B1BA08-80D9-4EB7-8827-32DAEED39058}.Release|x86.Build.0 = Release|Any CPU
		{AAAA9AE5-28D2-4516-B07C-4BB621EABFDC}.Debug|Any CPU.ActiveCfg = Debug|Any CPU
		{AAAA9AE5-28D2-4516-B07C-4BB621EABFDC}.Debug|Any CPU.Build.0 = Debug|Any CPU
		{AAAA9AE5-28D2-4516-B07C-4BB621EABFDC}.Debug|x64.ActiveCfg = Debug|Any CPU
		{AAAA9AE5-28D2-4516-B07C-4BB621EABFDC}.Debug|x64.Build.0 = Debug|Any CPU
		{AAAA9AE5-28D2-4516-B07C-4BB621EABFDC}.Debug|x86.ActiveCfg = Debug|Any CPU
		{AAAA9AE5-28D2-4516-B07C-4BB621EABFDC}.Debug|x86.Build.0 = Debug|Any CPU
		{AAAA9AE5-28D2-4516-B07C-4BB621EABFDC}.Release|Any CPU.ActiveCfg = Release|Any CPU
		{AAAA9AE5-28D2-4516-B07C-4BB621EABFDC}.Release|Any CPU.Build.0 = Release|Any CPU
		{AAAA9AE5-28D2-4516-B07C-4BB621EABFDC}.Release|x64.ActiveCfg = Release|Any CPU
		{AAAA9AE5-28D2-4516-B07C-4BB621EABFDC}.Release|x64.Build.0 = Release|Any CPU
		{AAAA9AE5-28D2-4516-B07C-4BB621EABFDC}.Release|x86.ActiveCfg = Release|Any CPU
		{AAAA9AE5-28D2-4516-B07C-4BB621EABFDC}.Release|x86.Build.0 = Release|Any CPU
		{2F1D41A8-6A46-453C-8016-8B5E79C2752E}.Debug|Any CPU.ActiveCfg = Debug|Any CPU
		{2F1D41A8-6A46-453C-8016-8B5E79C2752E}.Debug|Any CPU.Build.0 = Debug|Any CPU
		{2F1D41A8-6A46-453C-8016-8B5E79C2752E}.Debug|x64.ActiveCfg = Debug|Any CPU
		{2F1D41A8-6A46-453C-8016-8B5E79C2752E}.Debug|x64.Build.0 = Debug|Any CPU
		{2F1D41A8-6A46-453C-8016-8B5E79C2752E}.Debug|x86.ActiveCfg = Debug|Any CPU
		{2F1D41A8-6A46-453C-8016-8B5E79C2752E}.Debug|x86.Build.0 = Debug|Any CPU
		{2F1D41A8-6A46-453C-8016-8B5E79C2752E}.Release|Any CPU.ActiveCfg = Release|Any CPU
		{2F1D41A8-6A46-453C-8016-8B5E79C2752E}.Release|Any CPU.Build.0 = Release|Any CPU
		{2F1D41A8-6A46-453C-8016-8B5E79C2752E}.Release|x64.ActiveCfg = Release|Any CPU
		{2F1D41A8-6A46-453C-8016-8B5E79C2752E}.Release|x64.Build.0 = Release|Any CPU
		{2F1D41A8-6A46-453C-8016-8B5E79C2752E}.Release|x86.ActiveCfg = Release|Any CPU
		{2F1D41A8-6A46-453C-8016-8B5E79C2752E}.Release|x86.Build.0 = Release|Any CPU
		{4AA4E31B-2C16-49CC-8C75-557A840FB41F}.Debug|Any CPU.ActiveCfg = Debug|Any CPU
		{4AA4E31B-2C16-49CC-8C75-557A840FB41F}.Debug|Any CPU.Build.0 = Debug|Any CPU
		{4AA4E31B-2C16-49CC-8C75-557A840FB41F}.Debug|x64.ActiveCfg = Debug|Any CPU
		{4AA4E31B-2C16-49CC-8C75-557A840FB41F}.Debug|x64.Build.0 = Debug|Any CPU
		{4AA4E31B-2C16-49CC-8C75-557A840FB41F}.Debug|x86.ActiveCfg = Debug|Any CPU
		{4AA4E31B-2C16-49CC-8C75-557A840FB41F}.Debug|x86.Build.0 = Debug|Any CPU
		{4AA4E31B-2C16-49CC-8C75-557A840FB41F}.Release|Any CPU.ActiveCfg = Release|Any CPU
		{4AA4E31B-2C16-49CC-8C75-557A840FB41F}.Release|Any CPU.Build.0 = Release|Any CPU
		{4AA4E31B-2C16-49CC-8C75-557A840FB41F}.Release|x64.ActiveCfg = Release|Any CPU
		{4AA4E31B-2C16-49CC-8C75-557A840FB41F}.Release|x64.Build.0 = Release|Any CPU
		{4AA4E31B-2C16-49CC-8C75-557A840FB41F}.Release|x86.ActiveCfg = Release|Any CPU
		{4AA4E31B-2C16-49CC-8C75-557A840FB41F}.Release|x86.Build.0 = Release|Any CPU
		{4F64AB93-649C-4B77-99F6-DE68F9D67EA7}.Debug|Any CPU.ActiveCfg = Debug|Any CPU
		{4F64AB93-649C-4B77-99F6-DE68F9D67EA7}.Debug|Any CPU.Build.0 = Debug|Any CPU
		{4F64AB93-649C-4B77-99F6-DE68F9D67EA7}.Debug|x64.ActiveCfg = Debug|Any CPU
		{4F64AB93-649C-4B77-99F6-DE68F9D67EA7}.Debug|x64.Build.0 = Debug|Any CPU
		{4F64AB93-649C-4B77-99F6-DE68F9D67EA7}.Debug|x86.ActiveCfg = Debug|Any CPU
		{4F64AB93-649C-4B77-99F6-DE68F9D67EA7}.Debug|x86.Build.0 = Debug|Any CPU
		{4F64AB93-649C-4B77-99F6-DE68F9D67EA7}.Release|Any CPU.ActiveCfg = Release|Any CPU
		{4F64AB93-649C-4B77-99F6-DE68F9D67EA7}.Release|Any CPU.Build.0 = Release|Any CPU
		{4F64AB93-649C-4B77-99F6-DE68F9D67EA7}.Release|x64.ActiveCfg = Release|Any CPU
		{4F64AB93-649C-4B77-99F6-DE68F9D67EA7}.Release|x64.Build.0 = Release|Any CPU
		{4F64AB93-649C-4B77-99F6-DE68F9D67EA7}.Release|x86.ActiveCfg = Release|Any CPU
		{4F64AB93-649C-4B77-99F6-DE68F9D67EA7}.Release|x86.Build.0 = Release|Any CPU
		{EE40DE62-0BA4-46FA-9C5A-F947F32C254E}.Debug|Any CPU.ActiveCfg = Debug|Any CPU
		{EE40DE62-0BA4-46FA-9C5A-F947F32C254E}.Debug|Any CPU.Build.0 = Debug|Any CPU
		{EE40DE62-0BA4-46FA-9C5A-F947F32C254E}.Debug|x64.ActiveCfg = Debug|Any CPU
		{EE40DE62-0BA4-46FA-9C5A-F947F32C254E}.Debug|x64.Build.0 = Debug|Any CPU
		{EE40DE62-0BA4-46FA-9C5A-F947F32C254E}.Debug|x86.ActiveCfg = Debug|Any CPU
		{EE40DE62-0BA4-46FA-9C5A-F947F32C254E}.Debug|x86.Build.0 = Debug|Any CPU
		{EE40DE62-0BA4-46FA-9C5A-F947F32C254E}.Release|Any CPU.ActiveCfg = Release|Any CPU
		{EE40DE62-0BA4-46FA-9C5A-F947F32C254E}.Release|Any CPU.Build.0 = Release|Any CPU
		{EE40DE62-0BA4-46FA-9C5A-F947F32C254E}.Release|x64.ActiveCfg = Release|Any CPU
		{EE40DE62-0BA4-46FA-9C5A-F947F32C254E}.Release|x64.Build.0 = Release|Any CPU
		{EE40DE62-0BA4-46FA-9C5A-F947F32C254E}.Release|x86.ActiveCfg = Release|Any CPU
		{EE40DE62-0BA4-46FA-9C5A-F947F32C254E}.Release|x86.Build.0 = Release|Any CPU
		{6FEB85A5-0D10-461A-876D-FDC5A6D7923C}.Debug|Any CPU.ActiveCfg = Debug|Any CPU
		{6FEB85A5-0D10-461A-876D-FDC5A6D7923C}.Debug|Any CPU.Build.0 = Debug|Any CPU
		{6FEB85A5-0D10-461A-876D-FDC5A6D7923C}.Debug|x64.ActiveCfg = Debug|Any CPU
		{6FEB85A5-0D10-461A-876D-FDC5A6D7923C}.Debug|x64.Build.0 = Debug|Any CPU
		{6FEB85A5-0D10-461A-876D-FDC5A6D7923C}.Debug|x86.ActiveCfg = Debug|Any CPU
		{6FEB85A5-0D10-461A-876D-FDC5A6D7923C}.Debug|x86.Build.0 = Debug|Any CPU
		{6FEB85A5-0D10-461A-876D-FDC5A6D7923C}.Release|Any CPU.ActiveCfg = Release|Any CPU
		{6FEB85A5-0D10-461A-876D-FDC5A6D7923C}.Release|Any CPU.Build.0 = Release|Any CPU
		{6FEB85A5-0D10-461A-876D-FDC5A6D7923C}.Release|x64.ActiveCfg = Release|Any CPU
		{6FEB85A5-0D10-461A-876D-FDC5A6D7923C}.Release|x64.Build.0 = Release|Any CPU
		{6FEB85A5-0D10-461A-876D-FDC5A6D7923C}.Release|x86.ActiveCfg = Release|Any CPU
		{6FEB85A5-0D10-461A-876D-FDC5A6D7923C}.Release|x86.Build.0 = Release|Any CPU
		{A4FB5F1A-2222-4EDA-A081-47700F1A8297}.Debug|Any CPU.ActiveCfg = Debug|Any CPU
		{A4FB5F1A-2222-4EDA-A081-47700F1A8297}.Debug|Any CPU.Build.0 = Debug|Any CPU
		{A4FB5F1A-2222-4EDA-A081-47700F1A8297}.Debug|x64.ActiveCfg = Debug|Any CPU
		{A4FB5F1A-2222-4EDA-A081-47700F1A8297}.Debug|x64.Build.0 = Debug|Any CPU
		{A4FB5F1A-2222-4EDA-A081-47700F1A8297}.Debug|x86.ActiveCfg = Debug|Any CPU
		{A4FB5F1A-2222-4EDA-A081-47700F1A8297}.Debug|x86.Build.0 = Debug|Any CPU
		{A4FB5F1A-2222-4EDA-A081-47700F1A8297}.Release|Any CPU.ActiveCfg = Release|Any CPU
		{A4FB5F1A-2222-4EDA-A081-47700F1A8297}.Release|Any CPU.Build.0 = Release|Any CPU
		{A4FB5F1A-2222-4EDA-A081-47700F1A8297}.Release|x64.ActiveCfg = Release|Any CPU
		{A4FB5F1A-2222-4EDA-A081-47700F1A8297}.Release|x64.Build.0 = Release|Any CPU
		{A4FB5F1A-2222-4EDA-A081-47700F1A8297}.Release|x86.ActiveCfg = Release|Any CPU
		{A4FB5F1A-2222-4EDA-A081-47700F1A8297}.Release|x86.Build.0 = Release|Any CPU
		{D4762908-886A-4443-B890-C04BF864E150}.Debug|Any CPU.ActiveCfg = Debug|Any CPU
		{D4762908-886A-4443-B890-C04BF864E150}.Debug|Any CPU.Build.0 = Debug|Any CPU
		{D4762908-886A-4443-B890-C04BF864E150}.Debug|x64.ActiveCfg = Debug|Any CPU
		{D4762908-886A-4443-B890-C04BF864E150}.Debug|x64.Build.0 = Debug|Any CPU
		{D4762908-886A-4443-B890-C04BF864E150}.Debug|x86.ActiveCfg = Debug|Any CPU
		{D4762908-886A-4443-B890-C04BF864E150}.Debug|x86.Build.0 = Debug|Any CPU
		{D4762908-886A-4443-B890-C04BF864E150}.Release|Any CPU.ActiveCfg = Release|Any CPU
		{D4762908-886A-4443-B890-C04BF864E150}.Release|Any CPU.Build.0 = Release|Any CPU
		{D4762908-886A-4443-B890-C04BF864E150}.Release|x64.ActiveCfg = Release|Any CPU
		{D4762908-886A-4443-B890-C04BF864E150}.Release|x64.Build.0 = Release|Any CPU
		{D4762908-886A-4443-B890-C04BF864E150}.Release|x86.ActiveCfg = Release|Any CPU
		{D4762908-886A-4443-B890-C04BF864E150}.Release|x86.Build.0 = Release|Any CPU
		{23F209C6-B33B-4D90-A99B-FEBB1864A66A}.Debug|Any CPU.ActiveCfg = Debug|Any CPU
		{23F209C6-B33B-4D90-A99B-FEBB1864A66A}.Debug|Any CPU.Build.0 = Debug|Any CPU
		{23F209C6-B33B-4D90-A99B-FEBB1864A66A}.Debug|x64.ActiveCfg = Debug|Any CPU
		{23F209C6-B33B-4D90-A99B-FEBB1864A66A}.Debug|x64.Build.0 = Debug|Any CPU
		{23F209C6-B33B-4D90-A99B-FEBB1864A66A}.Debug|x86.ActiveCfg = Debug|Any CPU
		{23F209C6-B33B-4D90-A99B-FEBB1864A66A}.Debug|x86.Build.0 = Debug|Any CPU
		{23F209C6-B33B-4D90-A99B-FEBB1864A66A}.Release|Any CPU.ActiveCfg = Release|Any CPU
		{23F209C6-B33B-4D90-A99B-FEBB1864A66A}.Release|Any CPU.Build.0 = Release|Any CPU
		{23F209C6-B33B-4D90-A99B-FEBB1864A66A}.Release|x64.ActiveCfg = Release|Any CPU
		{23F209C6-B33B-4D90-A99B-FEBB1864A66A}.Release|x64.Build.0 = Release|Any CPU
		{23F209C6-B33B-4D90-A99B-FEBB1864A66A}.Release|x86.ActiveCfg = Release|Any CPU
		{23F209C6-B33B-4D90-A99B-FEBB1864A66A}.Release|x86.Build.0 = Release|Any CPU
		{3071A7D3-374F-4311-B3F2-21BD7079CD04}.Debug|Any CPU.ActiveCfg = Debug|Any CPU
		{3071A7D3-374F-4311-B3F2-21BD7079CD04}.Debug|Any CPU.Build.0 = Debug|Any CPU
		{3071A7D3-374F-4311-B3F2-21BD7079CD04}.Debug|x64.ActiveCfg = Debug|Any CPU
		{3071A7D3-374F-4311-B3F2-21BD7079CD04}.Debug|x64.Build.0 = Debug|Any CPU
		{3071A7D3-374F-4311-B3F2-21BD7079CD04}.Debug|x86.ActiveCfg = Debug|Any CPU
		{3071A7D3-374F-4311-B3F2-21BD7079CD04}.Debug|x86.Build.0 = Debug|Any CPU
		{3071A7D3-374F-4311-B3F2-21BD7079CD04}.Release|Any CPU.ActiveCfg = Release|Any CPU
		{3071A7D3-374F-4311-B3F2-21BD7079CD04}.Release|Any CPU.Build.0 = Release|Any CPU
		{3071A7D3-374F-4311-B3F2-21BD7079CD04}.Release|x64.ActiveCfg = Release|Any CPU
		{3071A7D3-374F-4311-B3F2-21BD7079CD04}.Release|x64.Build.0 = Release|Any CPU
		{3071A7D3-374F-4311-B3F2-21BD7079CD04}.Release|x86.ActiveCfg = Release|Any CPU
		{3071A7D3-374F-4311-B3F2-21BD7079CD04}.Release|x86.Build.0 = Release|Any CPU
		{B00E2F19-F72A-4757-900D-270C4D63A5A7}.Debug|Any CPU.ActiveCfg = Debug|Any CPU
		{B00E2F19-F72A-4757-900D-270C4D63A5A7}.Debug|Any CPU.Build.0 = Debug|Any CPU
		{B00E2F19-F72A-4757-900D-270C4D63A5A7}.Debug|x64.ActiveCfg = Debug|Any CPU
		{B00E2F19-F72A-4757-900D-270C4D63A5A7}.Debug|x64.Build.0 = Debug|Any CPU
		{B00E2F19-F72A-4757-900D-270C4D63A5A7}.Debug|x86.ActiveCfg = Debug|Any CPU
		{B00E2F19-F72A-4757-900D-270C4D63A5A7}.Debug|x86.Build.0 = Debug|Any CPU
		{B00E2F19-F72A-4757-900D-270C4D63A5A7}.Release|Any CPU.ActiveCfg = Release|Any CPU
		{B00E2F19-F72A-4757-900D-270C4D63A5A7}.Release|Any CPU.Build.0 = Release|Any CPU
		{B00E2F19-F72A-4757-900D-270C4D63A5A7}.Release|x64.ActiveCfg = Release|Any CPU
		{B00E2F19-F72A-4757-900D-270C4D63A5A7}.Release|x64.Build.0 = Release|Any CPU
		{B00E2F19-F72A-4757-900D-270C4D63A5A7}.Release|x86.ActiveCfg = Release|Any CPU
		{B00E2F19-F72A-4757-900D-270C4D63A5A7}.Release|x86.Build.0 = Release|Any CPU
		{FB22F730-D28A-4018-8CC9-6C7750000D8F}.Debug|Any CPU.ActiveCfg = Debug|Any CPU
		{FB22F730-D28A-4018-8CC9-6C7750000D8F}.Debug|Any CPU.Build.0 = Debug|Any CPU
		{FB22F730-D28A-4018-8CC9-6C7750000D8F}.Debug|x64.ActiveCfg = Debug|Any CPU
		{FB22F730-D28A-4018-8CC9-6C7750000D8F}.Debug|x64.Build.0 = Debug|Any CPU
		{FB22F730-D28A-4018-8CC9-6C7750000D8F}.Debug|x86.ActiveCfg = Debug|Any CPU
		{FB22F730-D28A-4018-8CC9-6C7750000D8F}.Debug|x86.Build.0 = Debug|Any CPU
		{FB22F730-D28A-4018-8CC9-6C7750000D8F}.Release|Any CPU.ActiveCfg = Release|Any CPU
		{FB22F730-D28A-4018-8CC9-6C7750000D8F}.Release|Any CPU.Build.0 = Release|Any CPU
		{FB22F730-D28A-4018-8CC9-6C7750000D8F}.Release|x64.ActiveCfg = Release|Any CPU
		{FB22F730-D28A-4018-8CC9-6C7750000D8F}.Release|x64.Build.0 = Release|Any CPU
		{FB22F730-D28A-4018-8CC9-6C7750000D8F}.Release|x86.ActiveCfg = Release|Any CPU
		{FB22F730-D28A-4018-8CC9-6C7750000D8F}.Release|x86.Build.0 = Release|Any CPU
		{8949A4C3-0779-4F31-9B47-7359277D8444}.Debug|Any CPU.ActiveCfg = Debug|Any CPU
		{8949A4C3-0779-4F31-9B47-7359277D8444}.Debug|Any CPU.Build.0 = Debug|Any CPU
		{8949A4C3-0779-4F31-9B47-7359277D8444}.Debug|x64.ActiveCfg = Debug|Any CPU
		{8949A4C3-0779-4F31-9B47-7359277D8444}.Debug|x64.Build.0 = Debug|Any CPU
		{8949A4C3-0779-4F31-9B47-7359277D8444}.Debug|x86.ActiveCfg = Debug|Any CPU
		{8949A4C3-0779-4F31-9B47-7359277D8444}.Debug|x86.Build.0 = Debug|Any CPU
		{8949A4C3-0779-4F31-9B47-7359277D8444}.Release|Any CPU.ActiveCfg = Release|Any CPU
		{8949A4C3-0779-4F31-9B47-7359277D8444}.Release|Any CPU.Build.0 = Release|Any CPU
		{8949A4C3-0779-4F31-9B47-7359277D8444}.Release|x64.ActiveCfg = Release|Any CPU
		{8949A4C3-0779-4F31-9B47-7359277D8444}.Release|x64.Build.0 = Release|Any CPU
		{8949A4C3-0779-4F31-9B47-7359277D8444}.Release|x86.ActiveCfg = Release|Any CPU
		{8949A4C3-0779-4F31-9B47-7359277D8444}.Release|x86.Build.0 = Release|Any CPU
		{9347DF28-D159-429D-8583-619036C8439C}.Debug|Any CPU.ActiveCfg = Debug|Any CPU
		{9347DF28-D159-429D-8583-619036C8439C}.Debug|Any CPU.Build.0 = Debug|Any CPU
		{9347DF28-D159-429D-8583-619036C8439C}.Debug|x64.ActiveCfg = Debug|Any CPU
		{9347DF28-D159-429D-8583-619036C8439C}.Debug|x64.Build.0 = Debug|Any CPU
		{9347DF28-D159-429D-8583-619036C8439C}.Debug|x86.ActiveCfg = Debug|Any CPU
		{9347DF28-D159-429D-8583-619036C8439C}.Debug|x86.Build.0 = Debug|Any CPU
		{9347DF28-D159-429D-8583-619036C8439C}.Release|Any CPU.ActiveCfg = Release|Any CPU
		{9347DF28-D159-429D-8583-619036C8439C}.Release|Any CPU.Build.0 = Release|Any CPU
		{9347DF28-D159-429D-8583-619036C8439C}.Release|x64.ActiveCfg = Release|Any CPU
		{9347DF28-D159-429D-8583-619036C8439C}.Release|x64.Build.0 = Release|Any CPU
		{9347DF28-D159-429D-8583-619036C8439C}.Release|x86.ActiveCfg = Release|Any CPU
		{9347DF28-D159-429D-8583-619036C8439C}.Release|x86.Build.0 = Release|Any CPU
		{344E9D92-7D83-4B57-B550-389CF6787533}.Debug|Any CPU.ActiveCfg = Debug|Any CPU
		{344E9D92-7D83-4B57-B550-389CF6787533}.Debug|Any CPU.Build.0 = Debug|Any CPU
		{344E9D92-7D83-4B57-B550-389CF6787533}.Debug|x64.ActiveCfg = Debug|Any CPU
		{344E9D92-7D83-4B57-B550-389CF6787533}.Debug|x64.Build.0 = Debug|Any CPU
		{344E9D92-7D83-4B57-B550-389CF6787533}.Debug|x86.ActiveCfg = Debug|Any CPU
		{344E9D92-7D83-4B57-B550-389CF6787533}.Debug|x86.Build.0 = Debug|Any CPU
		{344E9D92-7D83-4B57-B550-389CF6787533}.Release|Any CPU.ActiveCfg = Release|Any CPU
		{344E9D92-7D83-4B57-B550-389CF6787533}.Release|Any CPU.Build.0 = Release|Any CPU
		{344E9D92-7D83-4B57-B550-389CF6787533}.Release|x64.ActiveCfg = Release|Any CPU
		{344E9D92-7D83-4B57-B550-389CF6787533}.Release|x64.Build.0 = Release|Any CPU
		{344E9D92-7D83-4B57-B550-389CF6787533}.Release|x86.ActiveCfg = Release|Any CPU
		{344E9D92-7D83-4B57-B550-389CF6787533}.Release|x86.Build.0 = Release|Any CPU
		{E646DB62-0321-4F61-A739-1D622AF5B8E0}.Debug|Any CPU.ActiveCfg = Debug|Any CPU
		{E646DB62-0321-4F61-A739-1D622AF5B8E0}.Debug|Any CPU.Build.0 = Debug|Any CPU
		{E646DB62-0321-4F61-A739-1D622AF5B8E0}.Debug|x64.ActiveCfg = Debug|Any CPU
		{E646DB62-0321-4F61-A739-1D622AF5B8E0}.Debug|x64.Build.0 = Debug|Any CPU
		{E646DB62-0321-4F61-A739-1D622AF5B8E0}.Debug|x86.ActiveCfg = Debug|Any CPU
		{E646DB62-0321-4F61-A739-1D622AF5B8E0}.Debug|x86.Build.0 = Debug|Any CPU
		{E646DB62-0321-4F61-A739-1D622AF5B8E0}.Release|Any CPU.ActiveCfg = Release|Any CPU
		{E646DB62-0321-4F61-A739-1D622AF5B8E0}.Release|Any CPU.Build.0 = Release|Any CPU
		{E646DB62-0321-4F61-A739-1D622AF5B8E0}.Release|x64.ActiveCfg = Release|Any CPU
		{E646DB62-0321-4F61-A739-1D622AF5B8E0}.Release|x64.Build.0 = Release|Any CPU
		{E646DB62-0321-4F61-A739-1D622AF5B8E0}.Release|x86.ActiveCfg = Release|Any CPU
		{E646DB62-0321-4F61-A739-1D622AF5B8E0}.Release|x86.Build.0 = Release|Any CPU
		{91833FC4-363C-48CB-920B-23993D343F59}.Debug|Any CPU.ActiveCfg = Debug|Any CPU
		{91833FC4-363C-48CB-920B-23993D343F59}.Debug|Any CPU.Build.0 = Debug|Any CPU
		{91833FC4-363C-48CB-920B-23993D343F59}.Debug|x64.ActiveCfg = Debug|Any CPU
		{91833FC4-363C-48CB-920B-23993D343F59}.Debug|x64.Build.0 = Debug|Any CPU
		{91833FC4-363C-48CB-920B-23993D343F59}.Debug|x86.ActiveCfg = Debug|Any CPU
		{91833FC4-363C-48CB-920B-23993D343F59}.Debug|x86.Build.0 = Debug|Any CPU
		{91833FC4-363C-48CB-920B-23993D343F59}.Release|Any CPU.ActiveCfg = Release|Any CPU
		{91833FC4-363C-48CB-920B-23993D343F59}.Release|Any CPU.Build.0 = Release|Any CPU
		{91833FC4-363C-48CB-920B-23993D343F59}.Release|x64.ActiveCfg = Release|Any CPU
		{91833FC4-363C-48CB-920B-23993D343F59}.Release|x64.Build.0 = Release|Any CPU
		{91833FC4-363C-48CB-920B-23993D343F59}.Release|x86.ActiveCfg = Release|Any CPU
		{91833FC4-363C-48CB-920B-23993D343F59}.Release|x86.Build.0 = Release|Any CPU
		{DA829840-689D-48E6-A4B0-E1D557E4F468}.Debug|Any CPU.ActiveCfg = Debug|Any CPU
		{DA829840-689D-48E6-A4B0-E1D557E4F468}.Debug|Any CPU.Build.0 = Debug|Any CPU
		{DA829840-689D-48E6-A4B0-E1D557E4F468}.Debug|x64.ActiveCfg = Debug|Any CPU
		{DA829840-689D-48E6-A4B0-E1D557E4F468}.Debug|x64.Build.0 = Debug|Any CPU
		{DA829840-689D-48E6-A4B0-E1D557E4F468}.Debug|x86.ActiveCfg = Debug|Any CPU
		{DA829840-689D-48E6-A4B0-E1D557E4F468}.Debug|x86.Build.0 = Debug|Any CPU
		{DA829840-689D-48E6-A4B0-E1D557E4F468}.Release|Any CPU.ActiveCfg = Release|Any CPU
		{DA829840-689D-48E6-A4B0-E1D557E4F468}.Release|Any CPU.Build.0 = Release|Any CPU
		{DA829840-689D-48E6-A4B0-E1D557E4F468}.Release|x64.ActiveCfg = Release|Any CPU
		{DA829840-689D-48E6-A4B0-E1D557E4F468}.Release|x64.Build.0 = Release|Any CPU
		{DA829840-689D-48E6-A4B0-E1D557E4F468}.Release|x86.ActiveCfg = Release|Any CPU
		{DA829840-689D-48E6-A4B0-E1D557E4F468}.Release|x86.Build.0 = Release|Any CPU
		{6D6B8594-6847-43DF-B04D-D8851DC8ED55}.Debug|Any CPU.ActiveCfg = Debug|Any CPU
		{6D6B8594-6847-43DF-B04D-D8851DC8ED55}.Debug|Any CPU.Build.0 = Debug|Any CPU
		{6D6B8594-6847-43DF-B04D-D8851DC8ED55}.Debug|x64.ActiveCfg = Debug|Any CPU
		{6D6B8594-6847-43DF-B04D-D8851DC8ED55}.Debug|x64.Build.0 = Debug|Any CPU
		{6D6B8594-6847-43DF-B04D-D8851DC8ED55}.Debug|x86.ActiveCfg = Debug|Any CPU
		{6D6B8594-6847-43DF-B04D-D8851DC8ED55}.Debug|x86.Build.0 = Debug|Any CPU
		{6D6B8594-6847-43DF-B04D-D8851DC8ED55}.Release|Any CPU.ActiveCfg = Release|Any CPU
		{6D6B8594-6847-43DF-B04D-D8851DC8ED55}.Release|Any CPU.Build.0 = Release|Any CPU
		{6D6B8594-6847-43DF-B04D-D8851DC8ED55}.Release|x64.ActiveCfg = Release|Any CPU
		{6D6B8594-6847-43DF-B04D-D8851DC8ED55}.Release|x64.Build.0 = Release|Any CPU
		{6D6B8594-6847-43DF-B04D-D8851DC8ED55}.Release|x86.ActiveCfg = Release|Any CPU
		{6D6B8594-6847-43DF-B04D-D8851DC8ED55}.Release|x86.Build.0 = Release|Any CPU
		{AB08ABC4-1D7E-4930-921C-B0237B0284E6}.Debug|Any CPU.ActiveCfg = Debug|Any CPU
		{AB08ABC4-1D7E-4930-921C-B0237B0284E6}.Debug|Any CPU.Build.0 = Debug|Any CPU
		{AB08ABC4-1D7E-4930-921C-B0237B0284E6}.Debug|x64.ActiveCfg = Debug|Any CPU
		{AB08ABC4-1D7E-4930-921C-B0237B0284E6}.Debug|x64.Build.0 = Debug|Any CPU
		{AB08ABC4-1D7E-4930-921C-B0237B0284E6}.Debug|x86.ActiveCfg = Debug|Any CPU
		{AB08ABC4-1D7E-4930-921C-B0237B0284E6}.Debug|x86.Build.0 = Debug|Any CPU
		{AB08ABC4-1D7E-4930-921C-B0237B0284E6}.Release|Any CPU.ActiveCfg = Release|Any CPU
		{AB08ABC4-1D7E-4930-921C-B0237B0284E6}.Release|Any CPU.Build.0 = Release|Any CPU
		{AB08ABC4-1D7E-4930-921C-B0237B0284E6}.Release|x64.ActiveCfg = Release|Any CPU
		{AB08ABC4-1D7E-4930-921C-B0237B0284E6}.Release|x64.Build.0 = Release|Any CPU
		{AB08ABC4-1D7E-4930-921C-B0237B0284E6}.Release|x86.ActiveCfg = Release|Any CPU
		{AB08ABC4-1D7E-4930-921C-B0237B0284E6}.Release|x86.Build.0 = Release|Any CPU
		{792B21B8-40F3-4A47-9902-3EC34A72E7C5}.Debug|Any CPU.ActiveCfg = Debug|Any CPU
		{792B21B8-40F3-4A47-9902-3EC34A72E7C5}.Debug|Any CPU.Build.0 = Debug|Any CPU
		{792B21B8-40F3-4A47-9902-3EC34A72E7C5}.Debug|x64.ActiveCfg = Debug|Any CPU
		{792B21B8-40F3-4A47-9902-3EC34A72E7C5}.Debug|x64.Build.0 = Debug|Any CPU
		{792B21B8-40F3-4A47-9902-3EC34A72E7C5}.Debug|x86.ActiveCfg = Debug|Any CPU
		{792B21B8-40F3-4A47-9902-3EC34A72E7C5}.Debug|x86.Build.0 = Debug|Any CPU
		{792B21B8-40F3-4A47-9902-3EC34A72E7C5}.Release|Any CPU.ActiveCfg = Release|Any CPU
		{792B21B8-40F3-4A47-9902-3EC34A72E7C5}.Release|Any CPU.Build.0 = Release|Any CPU
		{792B21B8-40F3-4A47-9902-3EC34A72E7C5}.Release|x64.ActiveCfg = Release|Any CPU
		{792B21B8-40F3-4A47-9902-3EC34A72E7C5}.Release|x64.Build.0 = Release|Any CPU
		{792B21B8-40F3-4A47-9902-3EC34A72E7C5}.Release|x86.ActiveCfg = Release|Any CPU
		{792B21B8-40F3-4A47-9902-3EC34A72E7C5}.Release|x86.Build.0 = Release|Any CPU
		{5F870BC3-2A50-4AB0-B825-607A4D9F2BA8}.Debug|Any CPU.ActiveCfg = Debug|Any CPU
		{5F870BC3-2A50-4AB0-B825-607A4D9F2BA8}.Debug|Any CPU.Build.0 = Debug|Any CPU
		{5F870BC3-2A50-4AB0-B825-607A4D9F2BA8}.Debug|x64.ActiveCfg = Debug|Any CPU
		{5F870BC3-2A50-4AB0-B825-607A4D9F2BA8}.Debug|x64.Build.0 = Debug|Any CPU
		{5F870BC3-2A50-4AB0-B825-607A4D9F2BA8}.Debug|x86.ActiveCfg = Debug|Any CPU
		{5F870BC3-2A50-4AB0-B825-607A4D9F2BA8}.Debug|x86.Build.0 = Debug|Any CPU
		{5F870BC3-2A50-4AB0-B825-607A4D9F2BA8}.Release|Any CPU.ActiveCfg = Release|Any CPU
		{5F870BC3-2A50-4AB0-B825-607A4D9F2BA8}.Release|Any CPU.Build.0 = Release|Any CPU
		{5F870BC3-2A50-4AB0-B825-607A4D9F2BA8}.Release|x64.ActiveCfg = Release|Any CPU
		{5F870BC3-2A50-4AB0-B825-607A4D9F2BA8}.Release|x64.Build.0 = Release|Any CPU
		{5F870BC3-2A50-4AB0-B825-607A4D9F2BA8}.Release|x86.ActiveCfg = Release|Any CPU
		{5F870BC3-2A50-4AB0-B825-607A4D9F2BA8}.Release|x86.Build.0 = Release|Any CPU
		{E31802EF-F91A-4915-BE5B-8D78940A0E67}.Debug|Any CPU.ActiveCfg = Debug|Any CPU
		{E31802EF-F91A-4915-BE5B-8D78940A0E67}.Debug|Any CPU.Build.0 = Debug|Any CPU
		{E31802EF-F91A-4915-BE5B-8D78940A0E67}.Debug|x64.ActiveCfg = Debug|Any CPU
		{E31802EF-F91A-4915-BE5B-8D78940A0E67}.Debug|x64.Build.0 = Debug|Any CPU
		{E31802EF-F91A-4915-BE5B-8D78940A0E67}.Debug|x86.ActiveCfg = Debug|Any CPU
		{E31802EF-F91A-4915-BE5B-8D78940A0E67}.Debug|x86.Build.0 = Debug|Any CPU
		{E31802EF-F91A-4915-BE5B-8D78940A0E67}.Release|Any CPU.ActiveCfg = Release|Any CPU
		{E31802EF-F91A-4915-BE5B-8D78940A0E67}.Release|Any CPU.Build.0 = Release|Any CPU
		{E31802EF-F91A-4915-BE5B-8D78940A0E67}.Release|x64.ActiveCfg = Release|Any CPU
		{E31802EF-F91A-4915-BE5B-8D78940A0E67}.Release|x64.Build.0 = Release|Any CPU
		{E31802EF-F91A-4915-BE5B-8D78940A0E67}.Release|x86.ActiveCfg = Release|Any CPU
		{E31802EF-F91A-4915-BE5B-8D78940A0E67}.Release|x86.Build.0 = Release|Any CPU
		{090DCDD0-F1EF-4121-9E0E-640BA44B61BC}.Debug|Any CPU.ActiveCfg = Debug|Any CPU
		{090DCDD0-F1EF-4121-9E0E-640BA44B61BC}.Debug|Any CPU.Build.0 = Debug|Any CPU
		{090DCDD0-F1EF-4121-9E0E-640BA44B61BC}.Debug|x64.ActiveCfg = Debug|Any CPU
		{090DCDD0-F1EF-4121-9E0E-640BA44B61BC}.Debug|x64.Build.0 = Debug|Any CPU
		{090DCDD0-F1EF-4121-9E0E-640BA44B61BC}.Debug|x86.ActiveCfg = Debug|Any CPU
		{090DCDD0-F1EF-4121-9E0E-640BA44B61BC}.Debug|x86.Build.0 = Debug|Any CPU
		{090DCDD0-F1EF-4121-9E0E-640BA44B61BC}.Release|Any CPU.ActiveCfg = Release|Any CPU
		{090DCDD0-F1EF-4121-9E0E-640BA44B61BC}.Release|Any CPU.Build.0 = Release|Any CPU
		{090DCDD0-F1EF-4121-9E0E-640BA44B61BC}.Release|x64.ActiveCfg = Release|Any CPU
		{090DCDD0-F1EF-4121-9E0E-640BA44B61BC}.Release|x64.Build.0 = Release|Any CPU
		{090DCDD0-F1EF-4121-9E0E-640BA44B61BC}.Release|x86.ActiveCfg = Release|Any CPU
		{090DCDD0-F1EF-4121-9E0E-640BA44B61BC}.Release|x86.Build.0 = Release|Any CPU
		{A04CD4FE-FED1-418F-B6A5-14BDAD4C60FF}.Debug|Any CPU.ActiveCfg = Debug|Any CPU
		{A04CD4FE-FED1-418F-B6A5-14BDAD4C60FF}.Debug|Any CPU.Build.0 = Debug|Any CPU
		{A04CD4FE-FED1-418F-B6A5-14BDAD4C60FF}.Debug|x64.ActiveCfg = Debug|Any CPU
		{A04CD4FE-FED1-418F-B6A5-14BDAD4C60FF}.Debug|x64.Build.0 = Debug|Any CPU
		{A04CD4FE-FED1-418F-B6A5-14BDAD4C60FF}.Debug|x86.ActiveCfg = Debug|Any CPU
		{A04CD4FE-FED1-418F-B6A5-14BDAD4C60FF}.Debug|x86.Build.0 = Debug|Any CPU
		{A04CD4FE-FED1-418F-B6A5-14BDAD4C60FF}.Release|Any CPU.ActiveCfg = Release|Any CPU
		{A04CD4FE-FED1-418F-B6A5-14BDAD4C60FF}.Release|Any CPU.Build.0 = Release|Any CPU
		{A04CD4FE-FED1-418F-B6A5-14BDAD4C60FF}.Release|x64.ActiveCfg = Release|Any CPU
		{A04CD4FE-FED1-418F-B6A5-14BDAD4C60FF}.Release|x64.Build.0 = Release|Any CPU
		{A04CD4FE-FED1-418F-B6A5-14BDAD4C60FF}.Release|x86.ActiveCfg = Release|Any CPU
		{A04CD4FE-FED1-418F-B6A5-14BDAD4C60FF}.Release|x86.Build.0 = Release|Any CPU
		{78154C0D-192C-42CA-9D31-78E87781873E}.Debug|Any CPU.ActiveCfg = Debug|Any CPU
		{78154C0D-192C-42CA-9D31-78E87781873E}.Debug|Any CPU.Build.0 = Debug|Any CPU
		{78154C0D-192C-42CA-9D31-78E87781873E}.Debug|x64.ActiveCfg = Debug|Any CPU
		{78154C0D-192C-42CA-9D31-78E87781873E}.Debug|x64.Build.0 = Debug|Any CPU
		{78154C0D-192C-42CA-9D31-78E87781873E}.Debug|x86.ActiveCfg = Debug|Any CPU
		{78154C0D-192C-42CA-9D31-78E87781873E}.Debug|x86.Build.0 = Debug|Any CPU
		{78154C0D-192C-42CA-9D31-78E87781873E}.Release|Any CPU.ActiveCfg = Release|Any CPU
		{78154C0D-192C-42CA-9D31-78E87781873E}.Release|Any CPU.Build.0 = Release|Any CPU
		{78154C0D-192C-42CA-9D31-78E87781873E}.Release|x64.ActiveCfg = Release|Any CPU
		{78154C0D-192C-42CA-9D31-78E87781873E}.Release|x64.Build.0 = Release|Any CPU
		{78154C0D-192C-42CA-9D31-78E87781873E}.Release|x86.ActiveCfg = Release|Any CPU
		{78154C0D-192C-42CA-9D31-78E87781873E}.Release|x86.Build.0 = Release|Any CPU
		{9DD4FE3D-EE90-452D-BB62-92014A27FDA4}.Debug|Any CPU.ActiveCfg = Debug|Any CPU
		{9DD4FE3D-EE90-452D-BB62-92014A27FDA4}.Debug|Any CPU.Build.0 = Debug|Any CPU
		{9DD4FE3D-EE90-452D-BB62-92014A27FDA4}.Debug|x64.ActiveCfg = Debug|Any CPU
		{9DD4FE3D-EE90-452D-BB62-92014A27FDA4}.Debug|x64.Build.0 = Debug|Any CPU
		{9DD4FE3D-EE90-452D-BB62-92014A27FDA4}.Debug|x86.ActiveCfg = Debug|Any CPU
		{9DD4FE3D-EE90-452D-BB62-92014A27FDA4}.Debug|x86.Build.0 = Debug|Any CPU
		{9DD4FE3D-EE90-452D-BB62-92014A27FDA4}.Release|Any CPU.ActiveCfg = Release|Any CPU
		{9DD4FE3D-EE90-452D-BB62-92014A27FDA4}.Release|Any CPU.Build.0 = Release|Any CPU
		{9DD4FE3D-EE90-452D-BB62-92014A27FDA4}.Release|x64.ActiveCfg = Release|Any CPU
		{9DD4FE3D-EE90-452D-BB62-92014A27FDA4}.Release|x64.Build.0 = Release|Any CPU
		{9DD4FE3D-EE90-452D-BB62-92014A27FDA4}.Release|x86.ActiveCfg = Release|Any CPU
		{9DD4FE3D-EE90-452D-BB62-92014A27FDA4}.Release|x86.Build.0 = Release|Any CPU
		{EFD7FCFF-23E1-4CF3-8C7F-1CDCD1F104BC}.Debug|Any CPU.ActiveCfg = Debug|Any CPU
		{EFD7FCFF-23E1-4CF3-8C7F-1CDCD1F104BC}.Debug|Any CPU.Build.0 = Debug|Any CPU
		{EFD7FCFF-23E1-4CF3-8C7F-1CDCD1F104BC}.Debug|x64.ActiveCfg = Debug|Any CPU
		{EFD7FCFF-23E1-4CF3-8C7F-1CDCD1F104BC}.Debug|x64.Build.0 = Debug|Any CPU
		{EFD7FCFF-23E1-4CF3-8C7F-1CDCD1F104BC}.Debug|x86.ActiveCfg = Debug|Any CPU
		{EFD7FCFF-23E1-4CF3-8C7F-1CDCD1F104BC}.Debug|x86.Build.0 = Debug|Any CPU
		{EFD7FCFF-23E1-4CF3-8C7F-1CDCD1F104BC}.Release|Any CPU.ActiveCfg = Release|Any CPU
		{EFD7FCFF-23E1-4CF3-8C7F-1CDCD1F104BC}.Release|Any CPU.Build.0 = Release|Any CPU
		{EFD7FCFF-23E1-4CF3-8C7F-1CDCD1F104BC}.Release|x64.ActiveCfg = Release|Any CPU
		{EFD7FCFF-23E1-4CF3-8C7F-1CDCD1F104BC}.Release|x64.Build.0 = Release|Any CPU
		{EFD7FCFF-23E1-4CF3-8C7F-1CDCD1F104BC}.Release|x86.ActiveCfg = Release|Any CPU
		{EFD7FCFF-23E1-4CF3-8C7F-1CDCD1F104BC}.Release|x86.Build.0 = Release|Any CPU
		{0D895917-63D7-43E7-9256-AE144176EEA6}.Debug|Any CPU.ActiveCfg = Debug|Any CPU
		{0D895917-63D7-43E7-9256-AE144176EEA6}.Debug|Any CPU.Build.0 = Debug|Any CPU
		{0D895917-63D7-43E7-9256-AE144176EEA6}.Debug|x64.ActiveCfg = Debug|Any CPU
		{0D895917-63D7-43E7-9256-AE144176EEA6}.Debug|x64.Build.0 = Debug|Any CPU
		{0D895917-63D7-43E7-9256-AE144176EEA6}.Debug|x86.ActiveCfg = Debug|Any CPU
		{0D895917-63D7-43E7-9256-AE144176EEA6}.Debug|x86.Build.0 = Debug|Any CPU
		{0D895917-63D7-43E7-9256-AE144176EEA6}.Release|Any CPU.ActiveCfg = Release|Any CPU
		{0D895917-63D7-43E7-9256-AE144176EEA6}.Release|Any CPU.Build.0 = Release|Any CPU
		{0D895917-63D7-43E7-9256-AE144176EEA6}.Release|x64.ActiveCfg = Release|Any CPU
		{0D895917-63D7-43E7-9256-AE144176EEA6}.Release|x64.Build.0 = Release|Any CPU
		{0D895917-63D7-43E7-9256-AE144176EEA6}.Release|x86.ActiveCfg = Release|Any CPU
		{0D895917-63D7-43E7-9256-AE144176EEA6}.Release|x86.Build.0 = Release|Any CPU
		{D679BA8B-160A-41D5-A86A-2786C6C95FAC}.Debug|Any CPU.ActiveCfg = Debug|Any CPU
		{D679BA8B-160A-41D5-A86A-2786C6C95FAC}.Debug|Any CPU.Build.0 = Debug|Any CPU
		{D679BA8B-160A-41D5-A86A-2786C6C95FAC}.Debug|x64.ActiveCfg = Debug|Any CPU
		{D679BA8B-160A-41D5-A86A-2786C6C95FAC}.Debug|x64.Build.0 = Debug|Any CPU
		{D679BA8B-160A-41D5-A86A-2786C6C95FAC}.Debug|x86.ActiveCfg = Debug|Any CPU
		{D679BA8B-160A-41D5-A86A-2786C6C95FAC}.Debug|x86.Build.0 = Debug|Any CPU
		{D679BA8B-160A-41D5-A86A-2786C6C95FAC}.Release|Any CPU.ActiveCfg = Release|Any CPU
		{D679BA8B-160A-41D5-A86A-2786C6C95FAC}.Release|Any CPU.Build.0 = Release|Any CPU
		{D679BA8B-160A-41D5-A86A-2786C6C95FAC}.Release|x64.ActiveCfg = Release|Any CPU
		{D679BA8B-160A-41D5-A86A-2786C6C95FAC}.Release|x64.Build.0 = Release|Any CPU
		{D679BA8B-160A-41D5-A86A-2786C6C95FAC}.Release|x86.ActiveCfg = Release|Any CPU
		{D679BA8B-160A-41D5-A86A-2786C6C95FAC}.Release|x86.Build.0 = Release|Any CPU
		{E95C3E38-BA0D-46E0-A96C-9F293250425F}.Debug|Any CPU.ActiveCfg = Debug|Any CPU
		{E95C3E38-BA0D-46E0-A96C-9F293250425F}.Debug|Any CPU.Build.0 = Debug|Any CPU
		{E95C3E38-BA0D-46E0-A96C-9F293250425F}.Debug|x64.ActiveCfg = Debug|Any CPU
		{E95C3E38-BA0D-46E0-A96C-9F293250425F}.Debug|x64.Build.0 = Debug|Any CPU
		{E95C3E38-BA0D-46E0-A96C-9F293250425F}.Debug|x86.ActiveCfg = Debug|Any CPU
		{E95C3E38-BA0D-46E0-A96C-9F293250425F}.Debug|x86.Build.0 = Debug|Any CPU
		{E95C3E38-BA0D-46E0-A96C-9F293250425F}.Release|Any CPU.ActiveCfg = Release|Any CPU
		{E95C3E38-BA0D-46E0-A96C-9F293250425F}.Release|Any CPU.Build.0 = Release|Any CPU
		{E95C3E38-BA0D-46E0-A96C-9F293250425F}.Release|x64.ActiveCfg = Release|Any CPU
		{E95C3E38-BA0D-46E0-A96C-9F293250425F}.Release|x64.Build.0 = Release|Any CPU
		{E95C3E38-BA0D-46E0-A96C-9F293250425F}.Release|x86.ActiveCfg = Release|Any CPU
		{E95C3E38-BA0D-46E0-A96C-9F293250425F}.Release|x86.Build.0 = Release|Any CPU
		{3F7648BC-ED2B-421B-BCEC-FD07AE6C2F27}.Debug|Any CPU.ActiveCfg = Debug|Any CPU
		{3F7648BC-ED2B-421B-BCEC-FD07AE6C2F27}.Debug|Any CPU.Build.0 = Debug|Any CPU
		{3F7648BC-ED2B-421B-BCEC-FD07AE6C2F27}.Debug|x64.ActiveCfg = Debug|Any CPU
		{3F7648BC-ED2B-421B-BCEC-FD07AE6C2F27}.Debug|x64.Build.0 = Debug|Any CPU
		{3F7648BC-ED2B-421B-BCEC-FD07AE6C2F27}.Debug|x86.ActiveCfg = Debug|Any CPU
		{3F7648BC-ED2B-421B-BCEC-FD07AE6C2F27}.Debug|x86.Build.0 = Debug|Any CPU
		{3F7648BC-ED2B-421B-BCEC-FD07AE6C2F27}.Release|Any CPU.ActiveCfg = Release|Any CPU
		{3F7648BC-ED2B-421B-BCEC-FD07AE6C2F27}.Release|Any CPU.Build.0 = Release|Any CPU
		{3F7648BC-ED2B-421B-BCEC-FD07AE6C2F27}.Release|x64.ActiveCfg = Release|Any CPU
		{3F7648BC-ED2B-421B-BCEC-FD07AE6C2F27}.Release|x64.Build.0 = Release|Any CPU
		{3F7648BC-ED2B-421B-BCEC-FD07AE6C2F27}.Release|x86.ActiveCfg = Release|Any CPU
		{3F7648BC-ED2B-421B-BCEC-FD07AE6C2F27}.Release|x86.Build.0 = Release|Any CPU
		{E9291DE5-4B68-4161-9D8F-C1664DB7746F}.Debug|Any CPU.ActiveCfg = Debug|Any CPU
		{E9291DE5-4B68-4161-9D8F-C1664DB7746F}.Debug|Any CPU.Build.0 = Debug|Any CPU
		{E9291DE5-4B68-4161-9D8F-C1664DB7746F}.Debug|x64.ActiveCfg = Debug|Any CPU
		{E9291DE5-4B68-4161-9D8F-C1664DB7746F}.Debug|x64.Build.0 = Debug|Any CPU
		{E9291DE5-4B68-4161-9D8F-C1664DB7746F}.Debug|x86.ActiveCfg = Debug|Any CPU
		{E9291DE5-4B68-4161-9D8F-C1664DB7746F}.Debug|x86.Build.0 = Debug|Any CPU
		{E9291DE5-4B68-4161-9D8F-C1664DB7746F}.Release|Any CPU.ActiveCfg = Release|Any CPU
		{E9291DE5-4B68-4161-9D8F-C1664DB7746F}.Release|Any CPU.Build.0 = Release|Any CPU
		{E9291DE5-4B68-4161-9D8F-C1664DB7746F}.Release|x64.ActiveCfg = Release|Any CPU
		{E9291DE5-4B68-4161-9D8F-C1664DB7746F}.Release|x64.Build.0 = Release|Any CPU
		{E9291DE5-4B68-4161-9D8F-C1664DB7746F}.Release|x86.ActiveCfg = Release|Any CPU
		{E9291DE5-4B68-4161-9D8F-C1664DB7746F}.Release|x86.Build.0 = Release|Any CPU
		{4339B4F0-E1A1-4AC4-9DAB-DC6275AE7A13}.Debug|Any CPU.ActiveCfg = Debug|Any CPU
		{4339B4F0-E1A1-4AC4-9DAB-DC6275AE7A13}.Debug|Any CPU.Build.0 = Debug|Any CPU
		{4339B4F0-E1A1-4AC4-9DAB-DC6275AE7A13}.Debug|x64.ActiveCfg = Debug|Any CPU
		{4339B4F0-E1A1-4AC4-9DAB-DC6275AE7A13}.Debug|x64.Build.0 = Debug|Any CPU
		{4339B4F0-E1A1-4AC4-9DAB-DC6275AE7A13}.Debug|x86.ActiveCfg = Debug|Any CPU
		{4339B4F0-E1A1-4AC4-9DAB-DC6275AE7A13}.Debug|x86.Build.0 = Debug|Any CPU
		{4339B4F0-E1A1-4AC4-9DAB-DC6275AE7A13}.Release|Any CPU.ActiveCfg = Release|Any CPU
		{4339B4F0-E1A1-4AC4-9DAB-DC6275AE7A13}.Release|Any CPU.Build.0 = Release|Any CPU
		{4339B4F0-E1A1-4AC4-9DAB-DC6275AE7A13}.Release|x64.ActiveCfg = Release|Any CPU
		{4339B4F0-E1A1-4AC4-9DAB-DC6275AE7A13}.Release|x64.Build.0 = Release|Any CPU
		{4339B4F0-E1A1-4AC4-9DAB-DC6275AE7A13}.Release|x86.ActiveCfg = Release|Any CPU
		{4339B4F0-E1A1-4AC4-9DAB-DC6275AE7A13}.Release|x86.Build.0 = Release|Any CPU
		{558988F8-1404-4058-85F8-A391B7D281EE}.Debug|Any CPU.ActiveCfg = Debug|Any CPU
		{558988F8-1404-4058-85F8-A391B7D281EE}.Debug|Any CPU.Build.0 = Debug|Any CPU
		{558988F8-1404-4058-85F8-A391B7D281EE}.Debug|x64.ActiveCfg = Debug|Any CPU
		{558988F8-1404-4058-85F8-A391B7D281EE}.Debug|x64.Build.0 = Debug|Any CPU
		{558988F8-1404-4058-85F8-A391B7D281EE}.Debug|x86.ActiveCfg = Debug|Any CPU
		{558988F8-1404-4058-85F8-A391B7D281EE}.Debug|x86.Build.0 = Debug|Any CPU
		{558988F8-1404-4058-85F8-A391B7D281EE}.Release|Any CPU.ActiveCfg = Release|Any CPU
		{558988F8-1404-4058-85F8-A391B7D281EE}.Release|Any CPU.Build.0 = Release|Any CPU
		{558988F8-1404-4058-85F8-A391B7D281EE}.Release|x64.ActiveCfg = Release|Any CPU
		{558988F8-1404-4058-85F8-A391B7D281EE}.Release|x64.Build.0 = Release|Any CPU
		{558988F8-1404-4058-85F8-A391B7D281EE}.Release|x86.ActiveCfg = Release|Any CPU
		{558988F8-1404-4058-85F8-A391B7D281EE}.Release|x86.Build.0 = Release|Any CPU
		{DEAAA7A0-6ADB-4EDA-B58C-BB87ED20A3ED}.Debug|Any CPU.ActiveCfg = Debug|Any CPU
		{DEAAA7A0-6ADB-4EDA-B58C-BB87ED20A3ED}.Debug|Any CPU.Build.0 = Debug|Any CPU
		{DEAAA7A0-6ADB-4EDA-B58C-BB87ED20A3ED}.Debug|x64.ActiveCfg = Debug|Any CPU
		{DEAAA7A0-6ADB-4EDA-B58C-BB87ED20A3ED}.Debug|x64.Build.0 = Debug|Any CPU
		{DEAAA7A0-6ADB-4EDA-B58C-BB87ED20A3ED}.Debug|x86.ActiveCfg = Debug|Any CPU
		{DEAAA7A0-6ADB-4EDA-B58C-BB87ED20A3ED}.Debug|x86.Build.0 = Debug|Any CPU
		{DEAAA7A0-6ADB-4EDA-B58C-BB87ED20A3ED}.Release|Any CPU.ActiveCfg = Release|Any CPU
		{DEAAA7A0-6ADB-4EDA-B58C-BB87ED20A3ED}.Release|Any CPU.Build.0 = Release|Any CPU
		{DEAAA7A0-6ADB-4EDA-B58C-BB87ED20A3ED}.Release|x64.ActiveCfg = Release|Any CPU
		{DEAAA7A0-6ADB-4EDA-B58C-BB87ED20A3ED}.Release|x64.Build.0 = Release|Any CPU
		{DEAAA7A0-6ADB-4EDA-B58C-BB87ED20A3ED}.Release|x86.ActiveCfg = Release|Any CPU
		{DEAAA7A0-6ADB-4EDA-B58C-BB87ED20A3ED}.Release|x86.Build.0 = Release|Any CPU
		{BA3F97AC-FE52-4EE7-BE7C-5AE72B2B14E3}.Debug|Any CPU.ActiveCfg = Debug|Any CPU
		{BA3F97AC-FE52-4EE7-BE7C-5AE72B2B14E3}.Debug|Any CPU.Build.0 = Debug|Any CPU
		{BA3F97AC-FE52-4EE7-BE7C-5AE72B2B14E3}.Debug|x64.ActiveCfg = Debug|Any CPU
		{BA3F97AC-FE52-4EE7-BE7C-5AE72B2B14E3}.Debug|x64.Build.0 = Debug|Any CPU
		{BA3F97AC-FE52-4EE7-BE7C-5AE72B2B14E3}.Debug|x86.ActiveCfg = Debug|Any CPU
		{BA3F97AC-FE52-4EE7-BE7C-5AE72B2B14E3}.Debug|x86.Build.0 = Debug|Any CPU
		{BA3F97AC-FE52-4EE7-BE7C-5AE72B2B14E3}.Release|Any CPU.ActiveCfg = Release|Any CPU
		{BA3F97AC-FE52-4EE7-BE7C-5AE72B2B14E3}.Release|Any CPU.Build.0 = Release|Any CPU
		{BA3F97AC-FE52-4EE7-BE7C-5AE72B2B14E3}.Release|x64.ActiveCfg = Release|Any CPU
		{BA3F97AC-FE52-4EE7-BE7C-5AE72B2B14E3}.Release|x64.Build.0 = Release|Any CPU
		{BA3F97AC-FE52-4EE7-BE7C-5AE72B2B14E3}.Release|x86.ActiveCfg = Release|Any CPU
		{BA3F97AC-FE52-4EE7-BE7C-5AE72B2B14E3}.Release|x86.Build.0 = Release|Any CPU
		{9D55888F-AF38-4A14-A68C-66347BAC99A6}.Debug|Any CPU.ActiveCfg = Debug|Any CPU
		{9D55888F-AF38-4A14-A68C-66347BAC99A6}.Debug|Any CPU.Build.0 = Debug|Any CPU
		{9D55888F-AF38-4A14-A68C-66347BAC99A6}.Debug|x64.ActiveCfg = Debug|Any CPU
		{9D55888F-AF38-4A14-A68C-66347BAC99A6}.Debug|x64.Build.0 = Debug|Any CPU
		{9D55888F-AF38-4A14-A68C-66347BAC99A6}.Debug|x86.ActiveCfg = Debug|Any CPU
		{9D55888F-AF38-4A14-A68C-66347BAC99A6}.Debug|x86.Build.0 = Debug|Any CPU
		{9D55888F-AF38-4A14-A68C-66347BAC99A6}.Release|Any CPU.ActiveCfg = Release|Any CPU
		{9D55888F-AF38-4A14-A68C-66347BAC99A6}.Release|Any CPU.Build.0 = Release|Any CPU
		{9D55888F-AF38-4A14-A68C-66347BAC99A6}.Release|x64.ActiveCfg = Release|Any CPU
		{9D55888F-AF38-4A14-A68C-66347BAC99A6}.Release|x64.Build.0 = Release|Any CPU
		{9D55888F-AF38-4A14-A68C-66347BAC99A6}.Release|x86.ActiveCfg = Release|Any CPU
		{9D55888F-AF38-4A14-A68C-66347BAC99A6}.Release|x86.Build.0 = Release|Any CPU
		{8F78E4B1-1A35-4FEA-A384-3FDE2D8CD3CE}.Debug|Any CPU.ActiveCfg = Debug|Any CPU
		{8F78E4B1-1A35-4FEA-A384-3FDE2D8CD3CE}.Debug|Any CPU.Build.0 = Debug|Any CPU
		{8F78E4B1-1A35-4FEA-A384-3FDE2D8CD3CE}.Debug|x64.ActiveCfg = Debug|Any CPU
		{8F78E4B1-1A35-4FEA-A384-3FDE2D8CD3CE}.Debug|x64.Build.0 = Debug|Any CPU
		{8F78E4B1-1A35-4FEA-A384-3FDE2D8CD3CE}.Debug|x86.ActiveCfg = Debug|Any CPU
		{8F78E4B1-1A35-4FEA-A384-3FDE2D8CD3CE}.Debug|x86.Build.0 = Debug|Any CPU
		{8F78E4B1-1A35-4FEA-A384-3FDE2D8CD3CE}.Release|Any CPU.ActiveCfg = Release|Any CPU
		{8F78E4B1-1A35-4FEA-A384-3FDE2D8CD3CE}.Release|Any CPU.Build.0 = Release|Any CPU
		{8F78E4B1-1A35-4FEA-A384-3FDE2D8CD3CE}.Release|x64.ActiveCfg = Release|Any CPU
		{8F78E4B1-1A35-4FEA-A384-3FDE2D8CD3CE}.Release|x64.Build.0 = Release|Any CPU
		{8F78E4B1-1A35-4FEA-A384-3FDE2D8CD3CE}.Release|x86.ActiveCfg = Release|Any CPU
		{8F78E4B1-1A35-4FEA-A384-3FDE2D8CD3CE}.Release|x86.Build.0 = Release|Any CPU
		{AAC0A1C2-37AE-4B38-A6FC-AA90371D27C9}.Debug|Any CPU.ActiveCfg = Debug|Any CPU
		{AAC0A1C2-37AE-4B38-A6FC-AA90371D27C9}.Debug|Any CPU.Build.0 = Debug|Any CPU
		{AAC0A1C2-37AE-4B38-A6FC-AA90371D27C9}.Debug|x64.ActiveCfg = Debug|Any CPU
		{AAC0A1C2-37AE-4B38-A6FC-AA90371D27C9}.Debug|x64.Build.0 = Debug|Any CPU
		{AAC0A1C2-37AE-4B38-A6FC-AA90371D27C9}.Debug|x86.ActiveCfg = Debug|Any CPU
		{AAC0A1C2-37AE-4B38-A6FC-AA90371D27C9}.Debug|x86.Build.0 = Debug|Any CPU
		{AAC0A1C2-37AE-4B38-A6FC-AA90371D27C9}.Release|Any CPU.ActiveCfg = Release|Any CPU
		{AAC0A1C2-37AE-4B38-A6FC-AA90371D27C9}.Release|Any CPU.Build.0 = Release|Any CPU
		{AAC0A1C2-37AE-4B38-A6FC-AA90371D27C9}.Release|x64.ActiveCfg = Release|Any CPU
		{AAC0A1C2-37AE-4B38-A6FC-AA90371D27C9}.Release|x64.Build.0 = Release|Any CPU
		{AAC0A1C2-37AE-4B38-A6FC-AA90371D27C9}.Release|x86.ActiveCfg = Release|Any CPU
		{AAC0A1C2-37AE-4B38-A6FC-AA90371D27C9}.Release|x86.Build.0 = Release|Any CPU
		{D0F28F05-81DA-44B0-BABD-6427C1E821A5}.Debug|Any CPU.ActiveCfg = Debug|Any CPU
		{D0F28F05-81DA-44B0-BABD-6427C1E821A5}.Debug|Any CPU.Build.0 = Debug|Any CPU
		{D0F28F05-81DA-44B0-BABD-6427C1E821A5}.Debug|x64.ActiveCfg = Debug|Any CPU
		{D0F28F05-81DA-44B0-BABD-6427C1E821A5}.Debug|x64.Build.0 = Debug|Any CPU
		{D0F28F05-81DA-44B0-BABD-6427C1E821A5}.Debug|x86.ActiveCfg = Debug|Any CPU
		{D0F28F05-81DA-44B0-BABD-6427C1E821A5}.Debug|x86.Build.0 = Debug|Any CPU
		{D0F28F05-81DA-44B0-BABD-6427C1E821A5}.Release|Any CPU.ActiveCfg = Release|Any CPU
		{D0F28F05-81DA-44B0-BABD-6427C1E821A5}.Release|Any CPU.Build.0 = Release|Any CPU
		{D0F28F05-81DA-44B0-BABD-6427C1E821A5}.Release|x64.ActiveCfg = Release|Any CPU
		{D0F28F05-81DA-44B0-BABD-6427C1E821A5}.Release|x64.Build.0 = Release|Any CPU
		{D0F28F05-81DA-44B0-BABD-6427C1E821A5}.Release|x86.ActiveCfg = Release|Any CPU
		{D0F28F05-81DA-44B0-BABD-6427C1E821A5}.Release|x86.Build.0 = Release|Any CPU
		{263A5FA8-C07E-4311-A50C-B1B57CDC3066}.Debug|Any CPU.ActiveCfg = Debug|Any CPU
		{263A5FA8-C07E-4311-A50C-B1B57CDC3066}.Debug|Any CPU.Build.0 = Debug|Any CPU
		{263A5FA8-C07E-4311-A50C-B1B57CDC3066}.Debug|x64.ActiveCfg = Debug|Any CPU
		{263A5FA8-C07E-4311-A50C-B1B57CDC3066}.Debug|x64.Build.0 = Debug|Any CPU
		{263A5FA8-C07E-4311-A50C-B1B57CDC3066}.Debug|x86.ActiveCfg = Debug|Any CPU
		{263A5FA8-C07E-4311-A50C-B1B57CDC3066}.Debug|x86.Build.0 = Debug|Any CPU
		{263A5FA8-C07E-4311-A50C-B1B57CDC3066}.Release|Any CPU.ActiveCfg = Release|Any CPU
		{263A5FA8-C07E-4311-A50C-B1B57CDC3066}.Release|Any CPU.Build.0 = Release|Any CPU
		{263A5FA8-C07E-4311-A50C-B1B57CDC3066}.Release|x64.ActiveCfg = Release|Any CPU
		{263A5FA8-C07E-4311-A50C-B1B57CDC3066}.Release|x64.Build.0 = Release|Any CPU
		{263A5FA8-C07E-4311-A50C-B1B57CDC3066}.Release|x86.ActiveCfg = Release|Any CPU
		{263A5FA8-C07E-4311-A50C-B1B57CDC3066}.Release|x86.Build.0 = Release|Any CPU
		{E684D3BA-33B3-4410-A996-BA54D8298ED1}.Debug|Any CPU.ActiveCfg = Debug|Any CPU
		{E684D3BA-33B3-4410-A996-BA54D8298ED1}.Debug|Any CPU.Build.0 = Debug|Any CPU
		{E684D3BA-33B3-4410-A996-BA54D8298ED1}.Debug|x64.ActiveCfg = Debug|Any CPU
		{E684D3BA-33B3-4410-A996-BA54D8298ED1}.Debug|x64.Build.0 = Debug|Any CPU
		{E684D3BA-33B3-4410-A996-BA54D8298ED1}.Debug|x86.ActiveCfg = Debug|Any CPU
		{E684D3BA-33B3-4410-A996-BA54D8298ED1}.Debug|x86.Build.0 = Debug|Any CPU
		{E684D3BA-33B3-4410-A996-BA54D8298ED1}.Release|Any CPU.ActiveCfg = Release|Any CPU
		{E684D3BA-33B3-4410-A996-BA54D8298ED1}.Release|Any CPU.Build.0 = Release|Any CPU
		{E684D3BA-33B3-4410-A996-BA54D8298ED1}.Release|x64.ActiveCfg = Release|Any CPU
		{E684D3BA-33B3-4410-A996-BA54D8298ED1}.Release|x64.Build.0 = Release|Any CPU
		{E684D3BA-33B3-4410-A996-BA54D8298ED1}.Release|x86.ActiveCfg = Release|Any CPU
		{E684D3BA-33B3-4410-A996-BA54D8298ED1}.Release|x86.Build.0 = Release|Any CPU
		{DC11DB85-C021-44EA-83D2-349DCABCC9A3}.Debug|Any CPU.ActiveCfg = Debug|Any CPU
		{DC11DB85-C021-44EA-83D2-349DCABCC9A3}.Debug|Any CPU.Build.0 = Debug|Any CPU
		{DC11DB85-C021-44EA-83D2-349DCABCC9A3}.Debug|x64.ActiveCfg = Debug|Any CPU
		{DC11DB85-C021-44EA-83D2-349DCABCC9A3}.Debug|x64.Build.0 = Debug|Any CPU
		{DC11DB85-C021-44EA-83D2-349DCABCC9A3}.Debug|x86.ActiveCfg = Debug|Any CPU
		{DC11DB85-C021-44EA-83D2-349DCABCC9A3}.Debug|x86.Build.0 = Debug|Any CPU
		{DC11DB85-C021-44EA-83D2-349DCABCC9A3}.Release|Any CPU.ActiveCfg = Release|Any CPU
		{DC11DB85-C021-44EA-83D2-349DCABCC9A3}.Release|Any CPU.Build.0 = Release|Any CPU
		{DC11DB85-C021-44EA-83D2-349DCABCC9A3}.Release|x64.ActiveCfg = Release|Any CPU
		{DC11DB85-C021-44EA-83D2-349DCABCC9A3}.Release|x64.Build.0 = Release|Any CPU
		{DC11DB85-C021-44EA-83D2-349DCABCC9A3}.Release|x86.ActiveCfg = Release|Any CPU
		{DC11DB85-C021-44EA-83D2-349DCABCC9A3}.Release|x86.Build.0 = Release|Any CPU
		{85CA9A11-0D00-4CC3-A081-99C5F2F71DB7}.Debug|Any CPU.ActiveCfg = Debug|Any CPU
		{85CA9A11-0D00-4CC3-A081-99C5F2F71DB7}.Debug|Any CPU.Build.0 = Debug|Any CPU
		{85CA9A11-0D00-4CC3-A081-99C5F2F71DB7}.Debug|x64.ActiveCfg = Debug|Any CPU
		{85CA9A11-0D00-4CC3-A081-99C5F2F71DB7}.Debug|x64.Build.0 = Debug|Any CPU
		{85CA9A11-0D00-4CC3-A081-99C5F2F71DB7}.Debug|x86.ActiveCfg = Debug|Any CPU
		{85CA9A11-0D00-4CC3-A081-99C5F2F71DB7}.Debug|x86.Build.0 = Debug|Any CPU
		{85CA9A11-0D00-4CC3-A081-99C5F2F71DB7}.Release|Any CPU.ActiveCfg = Release|Any CPU
		{85CA9A11-0D00-4CC3-A081-99C5F2F71DB7}.Release|Any CPU.Build.0 = Release|Any CPU
		{85CA9A11-0D00-4CC3-A081-99C5F2F71DB7}.Release|x64.ActiveCfg = Release|Any CPU
		{85CA9A11-0D00-4CC3-A081-99C5F2F71DB7}.Release|x64.Build.0 = Release|Any CPU
		{85CA9A11-0D00-4CC3-A081-99C5F2F71DB7}.Release|x86.ActiveCfg = Release|Any CPU
		{85CA9A11-0D00-4CC3-A081-99C5F2F71DB7}.Release|x86.Build.0 = Release|Any CPU
		{8BBCF384-922F-4340-B2C6-CF12A699CD9E}.Debug|Any CPU.ActiveCfg = Debug|Any CPU
		{8BBCF384-922F-4340-B2C6-CF12A699CD9E}.Debug|Any CPU.Build.0 = Debug|Any CPU
		{8BBCF384-922F-4340-B2C6-CF12A699CD9E}.Debug|x64.ActiveCfg = Debug|Any CPU
		{8BBCF384-922F-4340-B2C6-CF12A699CD9E}.Debug|x64.Build.0 = Debug|Any CPU
		{8BBCF384-922F-4340-B2C6-CF12A699CD9E}.Debug|x86.ActiveCfg = Debug|Any CPU
		{8BBCF384-922F-4340-B2C6-CF12A699CD9E}.Debug|x86.Build.0 = Debug|Any CPU
		{8BBCF384-922F-4340-B2C6-CF12A699CD9E}.Release|Any CPU.ActiveCfg = Release|Any CPU
		{8BBCF384-922F-4340-B2C6-CF12A699CD9E}.Release|Any CPU.Build.0 = Release|Any CPU
		{8BBCF384-922F-4340-B2C6-CF12A699CD9E}.Release|x64.ActiveCfg = Release|Any CPU
		{8BBCF384-922F-4340-B2C6-CF12A699CD9E}.Release|x64.Build.0 = Release|Any CPU
		{8BBCF384-922F-4340-B2C6-CF12A699CD9E}.Release|x86.ActiveCfg = Release|Any CPU
		{8BBCF384-922F-4340-B2C6-CF12A699CD9E}.Release|x86.Build.0 = Release|Any CPU
		{F91F705A-749B-4F89-BFF3-05DAC62AF00C}.Debug|Any CPU.ActiveCfg = Debug|Any CPU
		{F91F705A-749B-4F89-BFF3-05DAC62AF00C}.Debug|Any CPU.Build.0 = Debug|Any CPU
		{F91F705A-749B-4F89-BFF3-05DAC62AF00C}.Debug|x64.ActiveCfg = Debug|Any CPU
		{F91F705A-749B-4F89-BFF3-05DAC62AF00C}.Debug|x64.Build.0 = Debug|Any CPU
		{F91F705A-749B-4F89-BFF3-05DAC62AF00C}.Debug|x86.ActiveCfg = Debug|Any CPU
		{F91F705A-749B-4F89-BFF3-05DAC62AF00C}.Debug|x86.Build.0 = Debug|Any CPU
		{F91F705A-749B-4F89-BFF3-05DAC62AF00C}.Release|Any CPU.ActiveCfg = Release|Any CPU
		{F91F705A-749B-4F89-BFF3-05DAC62AF00C}.Release|Any CPU.Build.0 = Release|Any CPU
		{F91F705A-749B-4F89-BFF3-05DAC62AF00C}.Release|x64.ActiveCfg = Release|Any CPU
		{F91F705A-749B-4F89-BFF3-05DAC62AF00C}.Release|x64.Build.0 = Release|Any CPU
		{F91F705A-749B-4F89-BFF3-05DAC62AF00C}.Release|x86.ActiveCfg = Release|Any CPU
		{F91F705A-749B-4F89-BFF3-05DAC62AF00C}.Release|x86.Build.0 = Release|Any CPU
		{50F5376B-B2C3-4060-84E7-CDEE6175121B}.Debug|Any CPU.ActiveCfg = Debug|Any CPU
		{50F5376B-B2C3-4060-84E7-CDEE6175121B}.Debug|Any CPU.Build.0 = Debug|Any CPU
		{50F5376B-B2C3-4060-84E7-CDEE6175121B}.Debug|x64.ActiveCfg = Debug|Any CPU
		{50F5376B-B2C3-4060-84E7-CDEE6175121B}.Debug|x64.Build.0 = Debug|Any CPU
		{50F5376B-B2C3-4060-84E7-CDEE6175121B}.Debug|x86.ActiveCfg = Debug|Any CPU
		{50F5376B-B2C3-4060-84E7-CDEE6175121B}.Debug|x86.Build.0 = Debug|Any CPU
		{50F5376B-B2C3-4060-84E7-CDEE6175121B}.Release|Any CPU.ActiveCfg = Release|Any CPU
		{50F5376B-B2C3-4060-84E7-CDEE6175121B}.Release|Any CPU.Build.0 = Release|Any CPU
		{50F5376B-B2C3-4060-84E7-CDEE6175121B}.Release|x64.ActiveCfg = Release|Any CPU
		{50F5376B-B2C3-4060-84E7-CDEE6175121B}.Release|x64.Build.0 = Release|Any CPU
		{50F5376B-B2C3-4060-84E7-CDEE6175121B}.Release|x86.ActiveCfg = Release|Any CPU
		{50F5376B-B2C3-4060-84E7-CDEE6175121B}.Release|x86.Build.0 = Release|Any CPU
		{11B5EA9A-92F3-4566-9012-FA767E5F59EA}.Debug|Any CPU.ActiveCfg = Debug|Any CPU
		{11B5EA9A-92F3-4566-9012-FA767E5F59EA}.Debug|Any CPU.Build.0 = Debug|Any CPU
		{11B5EA9A-92F3-4566-9012-FA767E5F59EA}.Debug|x64.ActiveCfg = Debug|Any CPU
		{11B5EA9A-92F3-4566-9012-FA767E5F59EA}.Debug|x64.Build.0 = Debug|Any CPU
		{11B5EA9A-92F3-4566-9012-FA767E5F59EA}.Debug|x86.ActiveCfg = Debug|Any CPU
		{11B5EA9A-92F3-4566-9012-FA767E5F59EA}.Debug|x86.Build.0 = Debug|Any CPU
		{11B5EA9A-92F3-4566-9012-FA767E5F59EA}.Release|Any CPU.ActiveCfg = Release|Any CPU
		{11B5EA9A-92F3-4566-9012-FA767E5F59EA}.Release|Any CPU.Build.0 = Release|Any CPU
		{11B5EA9A-92F3-4566-9012-FA767E5F59EA}.Release|x64.ActiveCfg = Release|Any CPU
		{11B5EA9A-92F3-4566-9012-FA767E5F59EA}.Release|x64.Build.0 = Release|Any CPU
		{11B5EA9A-92F3-4566-9012-FA767E5F59EA}.Release|x86.ActiveCfg = Release|Any CPU
		{11B5EA9A-92F3-4566-9012-FA767E5F59EA}.Release|x86.Build.0 = Release|Any CPU
		{0C5FA5CC-3CAF-4CB7-9E51-21E79CC6DC72}.Debug|Any CPU.ActiveCfg = Debug|Any CPU
		{0C5FA5CC-3CAF-4CB7-9E51-21E79CC6DC72}.Debug|Any CPU.Build.0 = Debug|Any CPU
		{0C5FA5CC-3CAF-4CB7-9E51-21E79CC6DC72}.Debug|x64.ActiveCfg = Debug|Any CPU
		{0C5FA5CC-3CAF-4CB7-9E51-21E79CC6DC72}.Debug|x64.Build.0 = Debug|Any CPU
		{0C5FA5CC-3CAF-4CB7-9E51-21E79CC6DC72}.Debug|x86.ActiveCfg = Debug|Any CPU
		{0C5FA5CC-3CAF-4CB7-9E51-21E79CC6DC72}.Debug|x86.Build.0 = Debug|Any CPU
		{0C5FA5CC-3CAF-4CB7-9E51-21E79CC6DC72}.Release|Any CPU.ActiveCfg = Release|Any CPU
		{0C5FA5CC-3CAF-4CB7-9E51-21E79CC6DC72}.Release|Any CPU.Build.0 = Release|Any CPU
		{0C5FA5CC-3CAF-4CB7-9E51-21E79CC6DC72}.Release|x64.ActiveCfg = Release|Any CPU
		{0C5FA5CC-3CAF-4CB7-9E51-21E79CC6DC72}.Release|x64.Build.0 = Release|Any CPU
		{0C5FA5CC-3CAF-4CB7-9E51-21E79CC6DC72}.Release|x86.ActiveCfg = Release|Any CPU
		{0C5FA5CC-3CAF-4CB7-9E51-21E79CC6DC72}.Release|x86.Build.0 = Release|Any CPU
		{ADA25293-1AD7-4BD3-86DF-AEE1844444F9}.Debug|Any CPU.ActiveCfg = Debug|Any CPU
		{ADA25293-1AD7-4BD3-86DF-AEE1844444F9}.Debug|Any CPU.Build.0 = Debug|Any CPU
		{ADA25293-1AD7-4BD3-86DF-AEE1844444F9}.Debug|x64.ActiveCfg = Debug|Any CPU
		{ADA25293-1AD7-4BD3-86DF-AEE1844444F9}.Debug|x64.Build.0 = Debug|Any CPU
		{ADA25293-1AD7-4BD3-86DF-AEE1844444F9}.Debug|x86.ActiveCfg = Debug|Any CPU
		{ADA25293-1AD7-4BD3-86DF-AEE1844444F9}.Debug|x86.Build.0 = Debug|Any CPU
		{ADA25293-1AD7-4BD3-86DF-AEE1844444F9}.Release|Any CPU.ActiveCfg = Release|Any CPU
		{ADA25293-1AD7-4BD3-86DF-AEE1844444F9}.Release|Any CPU.Build.0 = Release|Any CPU
		{ADA25293-1AD7-4BD3-86DF-AEE1844444F9}.Release|x64.ActiveCfg = Release|Any CPU
		{ADA25293-1AD7-4BD3-86DF-AEE1844444F9}.Release|x64.Build.0 = Release|Any CPU
		{ADA25293-1AD7-4BD3-86DF-AEE1844444F9}.Release|x86.ActiveCfg = Release|Any CPU
		{ADA25293-1AD7-4BD3-86DF-AEE1844444F9}.Release|x86.Build.0 = Release|Any CPU
		{E3979102-032B-4C79-A533-8BC7E6AAA749}.Debug|Any CPU.ActiveCfg = Debug|Any CPU
		{E3979102-032B-4C79-A533-8BC7E6AAA749}.Debug|Any CPU.Build.0 = Debug|Any CPU
		{E3979102-032B-4C79-A533-8BC7E6AAA749}.Debug|x64.ActiveCfg = Debug|Any CPU
		{E3979102-032B-4C79-A533-8BC7E6AAA749}.Debug|x64.Build.0 = Debug|Any CPU
		{E3979102-032B-4C79-A533-8BC7E6AAA749}.Debug|x86.ActiveCfg = Debug|Any CPU
		{E3979102-032B-4C79-A533-8BC7E6AAA749}.Debug|x86.Build.0 = Debug|Any CPU
		{E3979102-032B-4C79-A533-8BC7E6AAA749}.Release|Any CPU.ActiveCfg = Release|Any CPU
		{E3979102-032B-4C79-A533-8BC7E6AAA749}.Release|Any CPU.Build.0 = Release|Any CPU
		{E3979102-032B-4C79-A533-8BC7E6AAA749}.Release|x64.ActiveCfg = Release|Any CPU
		{E3979102-032B-4C79-A533-8BC7E6AAA749}.Release|x64.Build.0 = Release|Any CPU
		{E3979102-032B-4C79-A533-8BC7E6AAA749}.Release|x86.ActiveCfg = Release|Any CPU
		{E3979102-032B-4C79-A533-8BC7E6AAA749}.Release|x86.Build.0 = Release|Any CPU
	EndGlobalSection
	GlobalSection(SolutionProperties) = preSolution
		HideSolutionNode = FALSE
	EndGlobalSection
	GlobalSection(NestedProjects) = preSolution
		{33E921C2-AE5E-4C14-8FD4-D1A2F6A7AD69} = {4F52FD11-658E-A102-6CD3-7D7C16FFA15B}
		{824CEDF0-3632-4579-ACE7-65B55B0303A7} = {4F52FD11-658E-A102-6CD3-7D7C16FFA15B}
		{1FCEE928-ECE5-482A-AA51-F16CB31AE2A2} = {4F52FD11-658E-A102-6CD3-7D7C16FFA15B}
		{F0B935AF-FEE0-E59A-5F75-5BE6B7EC0151} = {2259D047-4F9B-409F-9176-EC0CB213F929}
		{052A9898-4A21-4B91-8C14-00ACCB26D853} = {F0B935AF-FEE0-E59A-5F75-5BE6B7EC0151}
		{BA270E6F-9549-D40F-F55E-128677EADEC8} = {2259D047-4F9B-409F-9176-EC0CB213F929}
		{76693138-E7F0-4CA4-9391-AE15AD611EFE} = {F0B935AF-FEE0-E59A-5F75-5BE6B7EC0151}
		{E5EED1CF-5F83-48D6-AEE7-2877B9C78397} = {F0B935AF-FEE0-E59A-5F75-5BE6B7EC0151}
		{B26CC30C-1F7D-44A8-87F2-C60B7F02C8BE} = {F0B935AF-FEE0-E59A-5F75-5BE6B7EC0151}
		{2C056E8F-5381-4C62-9CB5-6E4C245015DE} = {F0B935AF-FEE0-E59A-5F75-5BE6B7EC0151}
		{C8809691-E782-36A3-308F-55AE09BC4235} = {2259D047-4F9B-409F-9176-EC0CB213F929}
		{0BA11D73-AA16-48FA-803B-6EEA29C94390} = {C8809691-E782-36A3-308F-55AE09BC4235}
		{A9B1BA08-80D9-4EB7-8827-32DAEED39058} = {C8809691-E782-36A3-308F-55AE09BC4235}
		{AAAA9AE5-28D2-4516-B07C-4BB621EABFDC} = {C8809691-E782-36A3-308F-55AE09BC4235}
		{2F1D41A8-6A46-453C-8016-8B5E79C2752E} = {C8809691-E782-36A3-308F-55AE09BC4235}
		{7F99CDF4-4AF4-9B55-274F-28D97552E743} = {2259D047-4F9B-409F-9176-EC0CB213F929}
		{4AA4E31B-2C16-49CC-8C75-557A840FB41F} = {7F99CDF4-4AF4-9B55-274F-28D97552E743}
		{254496BB-812B-68B8-ABB6-ACEFF53CF81A} = {2259D047-4F9B-409F-9176-EC0CB213F929}
		{4F64AB93-649C-4B77-99F6-DE68F9D67EA7} = {254496BB-812B-68B8-ABB6-ACEFF53CF81A}
		{EE40DE62-0BA4-46FA-9C5A-F947F32C254E} = {C8809691-E782-36A3-308F-55AE09BC4235}
		{F4A51D43-CB4D-25C5-70CC-BC29F0CD7ED5} = {2259D047-4F9B-409F-9176-EC0CB213F929}
		{6FEB85A5-0D10-461A-876D-FDC5A6D7923C} = {F4A51D43-CB4D-25C5-70CC-BC29F0CD7ED5}
		{A4FB5F1A-2222-4EDA-A081-47700F1A8297} = {F4A51D43-CB4D-25C5-70CC-BC29F0CD7ED5}
		{D4762908-886A-4443-B890-C04BF864E150} = {F4A51D43-CB4D-25C5-70CC-BC29F0CD7ED5}
		{23F209C6-B33B-4D90-A99B-FEBB1864A66A} = {F4A51D43-CB4D-25C5-70CC-BC29F0CD7ED5}
		{3071A7D3-374F-4311-B3F2-21BD7079CD04} = {F4A51D43-CB4D-25C5-70CC-BC29F0CD7ED5}
		{2C6355DB-AEFA-3350-A0B9-81AFECF10FEB} = {2259D047-4F9B-409F-9176-EC0CB213F929}
		{B00E2F19-F72A-4757-900D-270C4D63A5A7} = {2C6355DB-AEFA-3350-A0B9-81AFECF10FEB}
		{FB22F730-D28A-4018-8CC9-6C7750000D8F} = {2C6355DB-AEFA-3350-A0B9-81AFECF10FEB}
		{8949A4C3-0779-4F31-9B47-7359277D8444} = {2C6355DB-AEFA-3350-A0B9-81AFECF10FEB}
		{9347DF28-D159-429D-8583-619036C8439C} = {2C6355DB-AEFA-3350-A0B9-81AFECF10FEB}
		{344E9D92-7D83-4B57-B550-389CF6787533} = {2C6355DB-AEFA-3350-A0B9-81AFECF10FEB}
		{E646DB62-0321-4F61-A739-1D622AF5B8E0} = {7F99CDF4-4AF4-9B55-274F-28D97552E743}
		{91833FC4-363C-48CB-920B-23993D343F59} = {7F99CDF4-4AF4-9B55-274F-28D97552E743}
		{DA829840-689D-48E6-A4B0-E1D557E4F468} = {7F99CDF4-4AF4-9B55-274F-28D97552E743}
		{6D6B8594-6847-43DF-B04D-D8851DC8ED55} = {7F99CDF4-4AF4-9B55-274F-28D97552E743}
		{AB08ABC4-1D7E-4930-921C-B0237B0284E6} = {254496BB-812B-68B8-ABB6-ACEFF53CF81A}
		{792B21B8-40F3-4A47-9902-3EC34A72E7C5} = {254496BB-812B-68B8-ABB6-ACEFF53CF81A}
		{5F870BC3-2A50-4AB0-B825-607A4D9F2BA8} = {254496BB-812B-68B8-ABB6-ACEFF53CF81A}
		{E31802EF-F91A-4915-BE5B-8D78940A0E67} = {254496BB-812B-68B8-ABB6-ACEFF53CF81A}
		{BEACE67C-9CA6-C1B1-7FD3-7255E8B7DEFE} = {2259D047-4F9B-409F-9176-EC0CB213F929}
		{090DCDD0-F1EF-4121-9E0E-640BA44B61BC} = {BEACE67C-9CA6-C1B1-7FD3-7255E8B7DEFE}
		{A04CD4FE-FED1-418F-B6A5-14BDAD4C60FF} = {BEACE67C-9CA6-C1B1-7FD3-7255E8B7DEFE}
		{78154C0D-192C-42CA-9D31-78E87781873E} = {BEACE67C-9CA6-C1B1-7FD3-7255E8B7DEFE}
		{9DD4FE3D-EE90-452D-BB62-92014A27FDA4} = {BEACE67C-9CA6-C1B1-7FD3-7255E8B7DEFE}
		{EFD7FCFF-23E1-4CF3-8C7F-1CDCD1F104BC} = {BEACE67C-9CA6-C1B1-7FD3-7255E8B7DEFE}
		{CA63264B-6246-0372-F94C-1FA24C0321C5} = {2259D047-4F9B-409F-9176-EC0CB213F929}
		{0D895917-63D7-43E7-9256-AE144176EEA6} = {CA63264B-6246-0372-F94C-1FA24C0321C5}
		{D679BA8B-160A-41D5-A86A-2786C6C95FAC} = {71F27C99-06DC-4CC4-B981-B255CCC97593}
		{E95C3E38-BA0D-46E0-A96C-9F293250425F} = {71F27C99-06DC-4CC4-B981-B255CCC97593}
		{3F7648BC-ED2B-421B-BCEC-FD07AE6C2F27} = {71F27C99-06DC-4CC4-B981-B255CCC97593}
		{E9291DE5-4B68-4161-9D8F-C1664DB7746F} = {71F27C99-06DC-4CC4-B981-B255CCC97593}
		{4339B4F0-E1A1-4AC4-9DAB-DC6275AE7A13} = {71F27C99-06DC-4CC4-B981-B255CCC97593}
		{558988F8-1404-4058-85F8-A391B7D281EE} = {71F27C99-06DC-4CC4-B981-B255CCC97593}
		{DEAAA7A0-6ADB-4EDA-B58C-BB87ED20A3ED} = {71F27C99-06DC-4CC4-B981-B255CCC97593}
		{BA3F97AC-FE52-4EE7-BE7C-5AE72B2B14E3} = {71F27C99-06DC-4CC4-B981-B255CCC97593}
		{9D55888F-AF38-4A14-A68C-66347BAC99A6} = {71F27C99-06DC-4CC4-B981-B255CCC97593}
		{8F78E4B1-1A35-4FEA-A384-3FDE2D8CD3CE} = {71F27C99-06DC-4CC4-B981-B255CCC97593}
		{AAC0A1C2-37AE-4B38-A6FC-AA90371D27C9} = {71F27C99-06DC-4CC4-B981-B255CCC97593}
		{D0F28F05-81DA-44B0-BABD-6427C1E821A5} = {71F27C99-06DC-4CC4-B981-B255CCC97593}
		{263A5FA8-C07E-4311-A50C-B1B57CDC3066} = {71F27C99-06DC-4CC4-B981-B255CCC97593}
		{E684D3BA-33B3-4410-A996-BA54D8298ED1} = {71F27C99-06DC-4CC4-B981-B255CCC97593}
		{DC11DB85-C021-44EA-83D2-349DCABCC9A3} = {71F27C99-06DC-4CC4-B981-B255CCC97593}
		{85CA9A11-0D00-4CC3-A081-99C5F2F71DB7} = {71F27C99-06DC-4CC4-B981-B255CCC97593}
		{8BBCF384-922F-4340-B2C6-CF12A699CD9E} = {71F27C99-06DC-4CC4-B981-B255CCC97593}
		{F91F705A-749B-4F89-BFF3-05DAC62AF00C} = {71F27C99-06DC-4CC4-B981-B255CCC97593}
		{50F5376B-B2C3-4060-84E7-CDEE6175121B} = {71F27C99-06DC-4CC4-B981-B255CCC97593}
		{11B5EA9A-92F3-4566-9012-FA767E5F59EA} = {71F27C99-06DC-4CC4-B981-B255CCC97593}
		{0C5FA5CC-3CAF-4CB7-9E51-21E79CC6DC72} = {71F27C99-06DC-4CC4-B981-B255CCC97593}
		{ADA25293-1AD7-4BD3-86DF-AEE1844444F9} = {71F27C99-06DC-4CC4-B981-B255CCC97593}
		{E3979102-032B-4C79-A533-8BC7E6AAA749} = {71F27C99-06DC-4CC4-B981-B255CCC97593}
	EndGlobalSection
EndGlobal
